
Microsoft Visual Studio Solution File, Format Version 11.00
# Visual Studio 2010
Project("{FAE04EC0-301F-11D3-BF4B-00C04F79EFBC}") = "Assembly-CSharp-firstpass", "Assembly-CSharp-firstpass\Assembly-CSharp-firstpass.csproj", "{A2865A95-6777-4D17-A0E5-FFB6E1894536}"
EndProject
Project("{FAE04EC0-301F-11D3-BF4B-00C04F79EFBC}") = "Assembly-CSharp", "Assembly-CSharp\Assembly-CSharp.csproj", "{A2865A95-6777-4D17-A0E5-FFB6E1894537}"
EndProject
Project("{FAE04EC0-301F-11D3-BF4B-00C04F79EFBC}") = "Autodesk.Fbx", "Autodesk.Fbx\Autodesk.Fbx.csproj", "{A2865A95-6777-4D17-A0E5-FFB6E1894538}"
EndProject
Project("{FAE04EC0-301F-11D3-BF4B-00C04F79EFBC}") = "Cinemachine", "Cinemachine\Cinemachine.csproj", "{A2865A95-6777-4D17-A0E5-FFB6E1894539}"
EndProject
Project("{FAE04EC0-301F-11D3-BF4B-00C04F79EFBC}") = "com.rlabrecque.steamworks.net", "com.rlabrecque.steamworks.net\com.rlabrecque.steamworks.net.csproj", "{A2865A95-6777-4D17-A0E5-FFB6E189453A}"
EndProject
Project("{FAE04EC0-301F-11D3-BF4B-00C04F79EFBC}") = "FbxBuildTestAssets", "FbxBuildTestAssets\FbxBuildTestAssets.csproj", "{A2865A95-6777-4D17-A0E5-FFB6E189453B}"
EndProject
Project("{FAE04EC0-301F-11D3-BF4B-00C04F79EFBC}") = "Kamgam.UIToolkitBlurredBackground", "Kamgam.UIToolkitBlurredBackground\Kamgam.UIToolkitBlurredBackground.csproj", "{A2865A95-6777-4D17-A0E5-FFB6E189453C}"
EndProject
Project("{FAE04EC0-301F-11D3-BF4B-00C04F79EFBC}") = "Mono.Security", "Mono.Security\Mono.Security.csproj", "{A2865A95-6777-4D17-A0E5-FFB6E189453D}"
EndProject
Project("{FAE04EC0-301F-11D3-BF4B-00C04F79EFBC}") = "mscorlib", "mscorlib\mscorlib.csproj", "{A2865A95-6777-4D17-A0E5-FFB6E189453E}"
EndProject
Project("{FAE04EC0-301F-11D3-BF4B-00C04F79EFBC}") = "netstandard", "netstandard\netstandard.csproj", "{A2865A95-6777-4D17-A0E5-FFB6E189453F}"
EndProject
Project("{FAE04EC0-301F-11D3-BF4B-00C04F79EFBC}") = "Newtonsoft.Json", "Newtonsoft.Json\Newtonsoft.Json.csproj", "{A2865A95-6777-4D17-A0E5-FFB6E1894540}"
EndProject
Project("{FAE04EC0-301F-11D3-BF4B-00C04F79EFBC}") = "Rewired_Core", "Rewired_Core\Rewired_Core.csproj", "{A2865A95-6777-4D17-A0E5-FFB6E1894541}"
EndProject
Project("{FAE04EC0-301F-11D3-BF4B-00C04F79EFBC}") = "Rewired_Windows", "Rewired_Windows\Rewired_Windows.csproj", "{A2865A95-6777-4D17-A0E5-FFB6E1894542}"
EndProject
Project("{FAE04EC0-301F-11D3-BF4B-00C04F79EFBC}") = "System.ComponentModel.Composition", "System.ComponentModel.Composition\System.ComponentModel.Composition.csproj", "{A2865A95-6777-4D17-A0E5-FFB6E1894543}"
EndProject
Project("{FAE04EC0-301F-11D3-BF4B-00C04F79EFBC}") = "System.Configuration", "System.Configuration\System.Configuration.csproj", "{A2865A95-6777-4D17-A0E5-FFB6E1894544}"
EndProject
Project("{FAE04EC0-301F-11D3-BF4B-00C04F79EFBC}") = "System.Core", "System.Core\System.Core.csproj", "{A2865A95-6777-4D17-A0E5-FFB6E1894545}"
EndProject
Project("{FAE04EC0-301F-11D3-BF4B-00C04F79EFBC}") = "System.Data.DataSetExtensions", "System.Data.DataSetExtensions\System.Data.DataSetExtensions.csproj", "{A2865A95-6777-4D17-A0E5-FFB6E1894546}"
EndProject
Project("{FAE04EC0-301F-11D3-BF4B-00C04F79EFBC}") = "System.Data", "System.Data\System.Data.csproj", "{A2865A95-6777-4D17-A0E5-FFB6E1894547}"
EndProject
Project("{FAE04EC0-301F-11D3-BF4B-00C04F79EFBC}") = "System.Drawing", "System.Drawing\System.Drawing.csproj", "{A2865A95-6777-4D17-A0E5-FFB6E1894549}"
EndProject
Project("{FAE04EC0-301F-11D3-BF4B-00C04F79EFBC}") = "System.EnterpriseServices", "System.EnterpriseServices\System.EnterpriseServices.csproj", "{A2865A95-6777-4D17-A0E5-FFB6E189454A}"
EndProject
Project("{FAE04EC0-301F-11D3-BF4B-00C04F79EFBC}") = "System.IO.Compression.FileSystem", "System.IO.Compression.FileSystem\System.IO.Compression.FileSystem.csproj", "{A2865A95-6777-4D17-A0E5-FFB6E189454C}"
EndProject
Project("{FAE04EC0-301F-11D3-BF4B-00C04F79EFBC}") = "System.IO.Compression", "System.IO.Compression\System.IO.Compression.csproj", "{A2865A95-6777-4D17-A0E5-FFB6E189454B}"
EndProject
Project("{FAE04EC0-301F-11D3-BF4B-00C04F79EFBC}") = "System.Net.Http", "System.Net.Http\System.Net.Http.csproj", "{A2865A95-6777-4D17-A0E5-FFB6E189454D}"
EndProject
Project("{FAE04EC0-301F-11D3-BF4B-00C04F79EFBC}") = "System.Numerics", "System.Numerics\System.Numerics.csproj", "{A2865A95-6777-4D17-A0E5-FFB6E189454E}"
EndProject
Project("{FAE04EC0-301F-11D3-BF4B-00C04F79EFBC}") = "System.Runtime.Serialization", "System.Runtime.Serialization\System.Runtime.Serialization.csproj", "{A2865A95-6777-4D17-A0E5-FFB6E1894550}"
EndProject
Project("{FAE04EC0-301F-11D3-BF4B-00C04F79EFBC}") = "System.Runtime", "System.Runtime\System.Runtime.csproj", "{A2865A95-6777-4D17-A0E5-FFB6E189454F}"
EndProject
Project("{FAE04EC0-301F-11D3-BF4B-00C04F79EFBC}") = "System.Security", "System.Security\System.Security.csproj", "{A2865A95-6777-4D17-A0E5-FFB6E1894551}"
EndProject
Project("{FAE04EC0-301F-11D3-BF4B-00C04F79EFBC}") = "System.ServiceModel.Internals", "System.ServiceModel.Internals\System.ServiceModel.Internals.csproj", "{A2865A95-6777-4D17-A0E5-FFB6E1894552}"
EndProject
Project("{FAE04EC0-301F-11D3-BF4B-00C04F79EFBC}") = "System.Transactions", "System.Transactions\System.Transactions.csproj", "{A2865A95-6777-4D17-A0E5-FFB6E1894553}"
EndProject
Project("{FAE04EC0-301F-11D3-BF4B-00C04F79EFBC}") = "System.Xml.Linq", "System.Xml.Linq\System.Xml.Linq.csproj", "{A2865A95-6777-4D17-A0E5-FFB6E1894555}"
EndProject
Project("{FAE04EC0-301F-11D3-BF4B-00C04F79EFBC}") = "System.Xml", "System.Xml\System.Xml.csproj", "{A2865A95-6777-4D17-A0E5-FFB6E1894554}"
EndProject
Project("{FAE04EC0-301F-11D3-BF4B-00C04F79EFBC}") = "System", "System\System.csproj", "{A2865A95-6777-4D17-A0E5-FFB6E1894548}"
EndProject
Project("{FAE04EC0-301F-11D3-BF4B-00C04F79EFBC}") = "unity-websocket-sharp", "unity-websocket-sharp\unity-websocket-sharp.csproj", "{A2865A95-6777-4D17-A0E5-FFB6E1894556}"
EndProject
Project("{FAE04EC0-301F-11D3-BF4B-00C04F79EFBC}") = "Unity.Burst.Unsafe", "Unity.Burst.Unsafe\Unity.Burst.Unsafe.csproj", "{A2865A95-6777-4D17-A0E5-FFB6E1894558}"
EndProject
Project("{FAE04EC0-301F-11D3-BF4B-00C04F79EFBC}") = "Unity.Burst", "Unity.Burst\Unity.Burst.csproj", "{A2865A95-6777-4D17-A0E5-FFB6E1894557}"
EndProject
Project("{FAE04EC0-301F-11D3-BF4B-00C04F79EFBC}") = "Unity.Collections.LowLevel.ILSupport", "Unity.Collections.LowLevel.ILSupport\Unity.Collections.LowLevel.ILSupport.csproj", "{A2865A95-6777-4D17-A0E5-FFB6E189455A}"
EndProject
Project("{FAE04EC0-301F-11D3-BF4B-00C04F79EFBC}") = "Unity.Collections", "Unity.Collections\Unity.Collections.csproj", "{A2865A95-6777-4D17-A0E5-FFB6E1894559}"
EndProject
Project("{FAE04EC0-301F-11D3-BF4B-00C04F79EFBC}") = "Unity.Formats.Fbx.Runtime", "Unity.Formats.Fbx.Runtime\Unity.Formats.Fbx.Runtime.csproj", "{A2865A95-6777-4D17-A0E5-FFB6E189455B}"
EndProject
Project("{FAE04EC0-301F-11D3-BF4B-00C04F79EFBC}") = "Unity.Mathematics", "Unity.Mathematics\Unity.Mathematics.csproj", "{A2865A95-6777-4D17-A0E5-FFB6E189455C}"
EndProject
Project("{FAE04EC0-301F-11D3-BF4B-00C04F79EFBC}") = "Unity.Microsoft.GDK", "Unity.Microsoft.GDK\Unity.Microsoft.GDK.csproj", "{A2865A95-6777-4D17-A0E5-FFB6E189455D}"
EndProject
Project("{FAE04EC0-301F-11D3-BF4B-00C04F79EFBC}") = "Unity.Multiplayer.Tools.Adapters.Ngo1", "Unity.Multiplayer.Tools.Adapters.Ngo1\Unity.Multiplayer.Tools.Adapters.Ngo1.csproj", "{A2865A95-6777-4D17-A0E5-FFB6E189455F}"
EndProject
Project("{FAE04EC0-301F-11D3-BF4B-00C04F79EFBC}") = "Unity.Multiplayer.Tools.Adapters", "Unity.Multiplayer.Tools.Adapters\Unity.Multiplayer.Tools.Adapters.csproj", "{A2865A95-6777-4D17-A0E5-FFB6E189455E}"
EndProject
Project("{FAE04EC0-301F-11D3-BF4B-00C04F79EFBC}") = "Unity.Multiplayer.Tools.Common", "Unity.Multiplayer.Tools.Common\Unity.Multiplayer.Tools.Common.csproj", "{A2865A95-6777-4D17-A0E5-FFB6E1894560}"
EndProject
Project("{FAE04EC0-301F-11D3-BF4B-00C04F79EFBC}") = "Unity.Multiplayer.Tools.Initialization", "Unity.Multiplayer.Tools.Initialization\Unity.Multiplayer.Tools.Initialization.csproj", "{A2865A95-6777-4D17-A0E5-FFB6E1894561}"
EndProject
Project("{FAE04EC0-301F-11D3-BF4B-00C04F79EFBC}") = "Unity.Multiplayer.Tools.MetricEvents", "Unity.Multiplayer.Tools.MetricEvents\Unity.Multiplayer.Tools.MetricEvents.csproj", "{A2865A95-6777-4D17-A0E5-FFB6E1894562}"
EndProject
Project("{FAE04EC0-301F-11D3-BF4B-00C04F79EFBC}") = "Unity.Multiplayer.Tools.MetricTestData", "Unity.Multiplayer.Tools.MetricTestData\Unity.Multiplayer.Tools.MetricTestData.csproj", "{A2865A95-6777-4D17-A0E5-FFB6E1894563}"
EndProject
Project("{FAE04EC0-301F-11D3-BF4B-00C04F79EFBC}") = "Unity.Multiplayer.Tools.MetricTypes", "Unity.Multiplayer.Tools.MetricTypes\Unity.Multiplayer.Tools.MetricTypes.csproj", "{A2865A95-6777-4D17-A0E5-FFB6E1894564}"
EndProject
Project("{FAE04EC0-301F-11D3-BF4B-00C04F79EFBC}") = "Unity.Multiplayer.Tools.NetStatsMonitor.Component", "Unity.Multiplayer.Tools.NetStatsMonitor.Component\Unity.Multiplayer.Tools.NetStatsMonitor.Component.csproj", "{A2865A95-6777-4D17-A0E5-FFB6E1894566}"
EndProject
Project("{FAE04EC0-301F-11D3-BF4B-00C04F79EFBC}") = "Unity.Multiplayer.Tools.NetStatsMonitor.Configuration", "Unity.Multiplayer.Tools.NetStatsMonitor.Configuration\Unity.Multiplayer.Tools.NetStatsMonitor.Configuration.csproj", "{A2865A95-6777-4D17-A0E5-FFB6E1894567}"
EndProject
Project("{FAE04EC0-301F-11D3-BF4B-00C04F79EFBC}") = "Unity.Multiplayer.Tools.NetStatsMonitor.Implementation", "Unity.Multiplayer.Tools.NetStatsMonitor.Implementation\Unity.Multiplayer.Tools.NetStatsMonitor.Implementation.csproj", "{A2865A95-6777-4D17-A0E5-FFB6E1894568}"
EndProject
Project("{FAE04EC0-301F-11D3-BF4B-00C04F79EFBC}") = "Unity.Multiplayer.Tools.NetStatsReporting", "Unity.Multiplayer.Tools.NetStatsReporting\Unity.Multiplayer.Tools.NetStatsReporting.csproj", "{A2865A95-6777-4D17-A0E5-FFB6E1894569}"
EndProject
Project("{FAE04EC0-301F-11D3-BF4B-00C04F79EFBC}") = "Unity.Multiplayer.Tools.NetStats", "Unity.Multiplayer.Tools.NetStats\Unity.Multiplayer.Tools.NetStats.csproj", "{A2865A95-6777-4D17-A0E5-FFB6E1894565}"
EndProject
Project("{FAE04EC0-301F-11D3-BF4B-00C04F79EFBC}") = "Unity.Multiplayer.Tools.NetworkProfiler.Runtime", "Unity.Multiplayer.Tools.NetworkProfiler.Runtime\Unity.Multiplayer.Tools.NetworkProfiler.Runtime.csproj", "{A2865A95-6777-4D17-A0E5-FFB6E189456A}"
EndProject
Project("{FAE04EC0-301F-11D3-BF4B-00C04F79EFBC}") = "Unity.Multiplayer.Tools.NetworkSolutionInterface", "Unity.Multiplayer.Tools.NetworkSolutionInterface\Unity.Multiplayer.Tools.NetworkSolutionInterface.csproj", "{A2865A95-6777-4D17-A0E5-FFB6E189456B}"
EndProject
Project("{FAE04EC0-301F-11D3-BF4B-00C04F79EFBC}") = "Unity.Netcode.Components", "Unity.Netcode.Components\Unity.Netcode.Components.csproj", "{A2865A95-6777-4D17-A0E5-FFB6E189456C}"
EndProject
Project("{FAE04EC0-301F-11D3-BF4B-00C04F79EFBC}") = "Unity.Netcode.Runtime", "Unity.Netcode.Runtime\Unity.Netcode.Runtime.csproj", "{A2865A95-6777-4D17-A0E5-FFB6E189456D}"
EndProject
Project("{FAE04EC0-301F-11D3-BF4B-00C04F79EFBC}") = "Unity.Networking.Transport", "Unity.Networking.Transport\Unity.Networking.Transport.csproj", "{A2865A95-6777-4D17-A0E5-FFB6E189456E}"
EndProject
Project("{FAE04EC0-301F-11D3-BF4B-00C04F79EFBC}") = "Unity.Profiling.Core", "Unity.Profiling.Core\Unity.Profiling.Core.csproj", "{A2865A95-6777-4D17-A0E5-FFB6E189456F}"
EndProject
Project("{FAE04EC0-301F-11D3-BF4B-00C04F79EFBC}") = "Unity.RenderPipelines.Core.Runtime", "Unity.RenderPipelines.Core.Runtime\Unity.RenderPipelines.Core.Runtime.csproj", "{A2865A95-6777-4D17-A0E5-FFB6E1894570}"
EndProject
Project("{FAE04EC0-301F-11D3-BF4B-00C04F79EFBC}") = "Unity.RenderPipelines.Core.ShaderLibrary", "Unity.RenderPipelines.Core.ShaderLibrary\Unity.RenderPipelines.Core.ShaderLibrary.csproj", "{A2865A95-6777-4D17-A0E5-FFB6E1894571}"
EndProject
Project("{FAE04EC0-301F-11D3-BF4B-00C04F79EFBC}") = "Unity.RenderPipelines.HighDefinition.Config.Runtime", "Unity.RenderPipelines.HighDefinition.Config.Runtime\Unity.RenderPipelines.HighDefinition.Config.Runtime.csproj", "{A2865A95-6777-4D17-A0E5-FFB6E1894572}"
EndProject
Project("{FAE04EC0-301F-11D3-BF4B-00C04F79EFBC}") = "Unity.RenderPipelines.HighDefinition.Runtime", "Unity.RenderPipelines.HighDefinition.Runtime\Unity.RenderPipelines.HighDefinition.Runtime.csproj", "{A2865A95-6777-4D17-A0E5-FFB6E1894573}"
EndProject
Project("{FAE04EC0-301F-11D3-BF4B-00C04F79EFBC}") = "Unity.RenderPipelines.ShaderGraph.ShaderGraphLibrary", "Unity.RenderPipelines.ShaderGraph.ShaderGraphLibrary\Unity.RenderPipelines.ShaderGraph.ShaderGraphLibrary.csproj", "{A2865A95-6777-4D17-A0E5-FFB6E1894574}"
EndProject
Project("{FAE04EC0-301F-11D3-BF4B-00C04F79EFBC}") = "Unity.Services.Authentication.PlayerAccounts", "Unity.Services.Authentication.PlayerAccounts\Unity.Services.Authentication.PlayerAccounts.csproj", "{A2865A95-6777-4D17-A0E5-FFB6E1894576}"
EndProject
Project("{FAE04EC0-301F-11D3-BF4B-00C04F79EFBC}") = "Unity.Services.Authentication", "Unity.Services.Authentication\Unity.Services.Authentication.csproj", "{A2865A95-6777-4D17-A0E5-FFB6E1894575}"
EndProject
Project("{FAE04EC0-301F-11D3-BF4B-00C04F79EFBC}") = "Unity.Services.Core.Analytics", "Unity.Services.Core.Analytics\Unity.Services.Core.Analytics.csproj", "{A2865A95-6777-4D17-A0E5-FFB6E1894577}"
EndProject
Project("{FAE04EC0-301F-11D3-BF4B-00C04F79EFBC}") = "Unity.Services.Core.Components", "Unity.Services.Core.Components\Unity.Services.Core.Components.csproj", "{A2865A95-6777-4D17-A0E5-FFB6E1894578}"
EndProject
Project("{FAE04EC0-301F-11D3-BF4B-00C04F79EFBC}") = "Unity.Services.Core.Configuration", "Unity.Services.Core.Configuration\Unity.Services.Core.Configuration.csproj", "{A2865A95-6777-4D17-A0E5-FFB6E1894579}"
EndProject
Project("{FAE04EC0-301F-11D3-BF4B-00C04F79EFBC}") = "Unity.Services.Core.Device", "Unity.Services.Core.Device\Unity.Services.Core.Device.csproj", "{A2865A95-6777-4D17-A0E5-FFB6E189457A}"
EndProject
Project("{FAE04EC0-301F-11D3-BF4B-00C04F79EFBC}") = "Unity.Services.Core.Environments.Internal", "Unity.Services.Core.Environments.Internal\Unity.Services.Core.Environments.Internal.csproj", "{A2865A95-6777-4D17-A0E5-FFB6E189457D}"
EndProject
Project("{FAE04EC0-301F-11D3-BF4B-00C04F79EFBC}") = "Unity.Services.Core.Environments", "Unity.Services.Core.Environments\Unity.Services.Core.Environments.csproj", "{A2865A95-6777-4D17-A0E5-FFB6E189457C}"
EndProject
Project("{FAE04EC0-301F-11D3-BF4B-00C04F79EFBC}") = "Unity.Services.Core.Internal", "Unity.Services.Core.Internal\Unity.Services.Core.Internal.csproj", "{A2865A95-6777-4D17-A0E5-FFB6E189457E}"
EndProject
Project("{FAE04EC0-301F-11D3-BF4B-00C04F79EFBC}") = "Unity.Services.Core.Networking", "Unity.Services.Core.Networking\Unity.Services.Core.Networking.csproj", "{A2865A95-6777-4D17-A0E5-FFB6E189457F}"
EndProject
Project("{FAE04EC0-301F-11D3-BF4B-00C04F79EFBC}") = "Unity.Services.Core.Registration", "Unity.Services.Core.Registration\Unity.Services.Core.Registration.csproj", "{A2865A95-6777-4D17-A0E5-FFB6E1894580}"
EndProject
Project("{FAE04EC0-301F-11D3-BF4B-00C04F79EFBC}") = "Unity.Services.Core.Scheduler", "Unity.Services.Core.Scheduler\Unity.Services.Core.Scheduler.csproj", "{A2865A95-6777-4D17-A0E5-FFB6E1894581}"
EndProject
Project("{FAE04EC0-301F-11D3-BF4B-00C04F79EFBC}") = "Unity.Services.Core.Telemetry", "Unity.Services.Core.Telemetry\Unity.Services.Core.Telemetry.csproj", "{A2865A95-6777-4D17-A0E5-FFB6E1894582}"
EndProject
Project("{FAE04EC0-301F-11D3-BF4B-00C04F79EFBC}") = "Unity.Services.Core.Threading", "Unity.Services.Core.Threading\Unity.Services.Core.Threading.csproj", "{A2865A95-6777-4D17-A0E5-FFB6E1894583}"
EndProject
Project("{FAE04EC0-301F-11D3-BF4B-00C04F79EFBC}") = "Unity.Services.Core", "Unity.Services.Core\Unity.Services.Core.csproj", "{A2865A95-6777-4D17-A0E5-FFB6E189457B}"
EndProject
Project("{FAE04EC0-301F-11D3-BF4B-00C04F79EFBC}") = "Unity.Services.Lobbies", "Unity.Services.Lobbies\Unity.Services.Lobbies.csproj", "{A2865A95-6777-4D17-A0E5-FFB6E1894584}"
EndProject
Project("{FAE04EC0-301F-11D3-BF4B-00C04F79EFBC}") = "Unity.Services.QoS", "Unity.Services.QoS\Unity.Services.QoS.csproj", "{A2865A95-6777-4D17-A0E5-FFB6E1894585}"
EndProject
Project("{FAE04EC0-301F-11D3-BF4B-00C04F79EFBC}") = "Unity.Services.Relay", "Unity.Services.Relay\Unity.Services.Relay.csproj", "{A2865A95-6777-4D17-A0E5-FFB6E1894586}"
EndProject
Project("{FAE04EC0-301F-11D3-BF4B-00C04F79EFBC}") = "Unity.Services.Wire.Internal", "Unity.Services.Wire.Internal\Unity.Services.Wire.Internal.csproj", "{A2865A95-6777-4D17-A0E5-FFB6E1894587}"
EndProject
Project("{FAE04EC0-301F-11D3-BF4B-00C04F79EFBC}") = "Unity.TextMeshPro", "Unity.TextMeshPro\Unity.TextMeshPro.csproj", "{A2865A95-6777-4D17-A0E5-FFB6E1894588}"
EndProject
Project("{FAE04EC0-301F-11D3-BF4B-00C04F79EFBC}") = "Unity.Timeline", "Unity.Timeline\Unity.Timeline.csproj", "{A2865A95-6777-4D17-A0E5-FFB6E1894589}"
EndProject
Project("{FAE04EC0-301F-11D3-BF4B-00C04F79EFBC}") = "Unity.VisualEffectGraph.Runtime", "Unity.VisualEffectGraph.Runtime\Unity.VisualEffectGraph.Runtime.csproj", "{A2865A95-6777-4D17-A0E5-FFB6E189458A}"
EndProject
Project("{FAE04EC0-301F-11D3-BF4B-00C04F79EFBC}") = "Unity.VisualScripting.Antlr3.Runtime", "Unity.VisualScripting.Antlr3.Runtime\Unity.VisualScripting.Antlr3.Runtime.csproj", "{A2865A95-6777-4D17-A0E5-FFB6E189458B}"
EndProject
Project("{FAE04EC0-301F-11D3-BF4B-00C04F79EFBC}") = "Unity.VisualScripting.Core", "Unity.VisualScripting.Core\Unity.VisualScripting.Core.csproj", "{A2865A95-6777-4D17-A0E5-FFB6E189458C}"
EndProject
Project("{FAE04EC0-301F-11D3-BF4B-00C04F79EFBC}") = "Unity.VisualScripting.Flow", "Unity.VisualScripting.Flow\Unity.VisualScripting.Flow.csproj", "{A2865A95-6777-4D17-A0E5-FFB6E189458D}"
EndProject
Project("{FAE04EC0-301F-11D3-BF4B-00C04F79EFBC}") = "Unity.VisualScripting.State", "Unity.VisualScripting.State\Unity.VisualScripting.State.csproj", "{A2865A95-6777-4D17-A0E5-FFB6E189458E}"
EndProject
Project("{FAE04EC0-301F-11D3-BF4B-00C04F79EFBC}") = "UnityEngine.AccessibilityModule", "UnityEngine.AccessibilityModule\UnityEngine.AccessibilityModule.csproj", "{A2865A95-6777-4D17-A0E5-FFB6E189458F}"
EndProject
Project("{FAE04EC0-301F-11D3-BF4B-00C04F79EFBC}") = "UnityEngine.AIModule", "UnityEngine.AIModule\UnityEngine.AIModule.csproj", "{A2865A95-6777-4D17-A0E5-FFB6E1894590}"
EndProject
Project("{FAE04EC0-301F-11D3-BF4B-00C04F79EFBC}") = "UnityEngine.AndroidJNIModule", "UnityEngine.AndroidJNIModule\UnityEngine.AndroidJNIModule.csproj", "{A2865A95-6777-4D17-A0E5-FFB6E1894591}"
EndProject
Project("{FAE04EC0-301F-11D3-BF4B-00C04F79EFBC}") = "UnityEngine.AnimationModule", "UnityEngine.AnimationModule\UnityEngine.AnimationModule.csproj", "{A2865A95-6777-4D17-A0E5-FFB6E1894592}"
EndProject
Project("{FAE04EC0-301F-11D3-BF4B-00C04F79EFBC}") = "UnityEngine.ARModule", "UnityEngine.ARModule\UnityEngine.ARModule.csproj", "{A2865A95-6777-4D17-A0E5-FFB6E1894593}"
EndProject
Project("{FAE04EC0-301F-11D3-BF4B-00C04F79EFBC}") = "UnityEngine.AssetBundleModule", "UnityEngine.AssetBundleModule\UnityEngine.AssetBundleModule.csproj", "{A2865A95-6777-4D17-A0E5-FFB6E1894594}"
EndProject
Project("{FAE04EC0-301F-11D3-BF4B-00C04F79EFBC}") = "UnityEngine.AudioModule", "UnityEngine.AudioModule\UnityEngine.AudioModule.csproj", "{A2865A95-6777-4D17-A0E5-FFB6E1894595}"
EndProject
Project("{FAE04EC0-301F-11D3-BF4B-00C04F79EFBC}") = "UnityEngine.ClothModule", "UnityEngine.ClothModule\UnityEngine.ClothModule.csproj", "{A2865A95-6777-4D17-A0E5-FFB6E1894596}"
EndProject
Project("{FAE04EC0-301F-11D3-BF4B-00C04F79EFBC}") = "UnityEngine.ClusterInputModule", "UnityEngine.ClusterInputModule\UnityEngine.ClusterInputModule.csproj", "{A2865A95-6777-4D17-A0E5-FFB6E1894597}"
EndProject
Project("{FAE04EC0-301F-11D3-BF4B-00C04F79EFBC}") = "UnityEngine.ClusterRendererModule", "UnityEngine.ClusterRendererModule\UnityEngine.ClusterRendererModule.csproj", "{A2865A95-6777-4D17-A0E5-FFB6E1894598}"
EndProject
Project("{FAE04EC0-301F-11D3-BF4B-00C04F79EFBC}") = "UnityEngine.ContentLoadModule", "UnityEngine.ContentLoadModule\UnityEngine.ContentLoadModule.csproj", "{A2865A95-6777-4D17-A0E5-FFB6E1894599}"
EndProject
Project("{FAE04EC0-301F-11D3-BF4B-00C04F79EFBC}") = "UnityEngine.CoreModule", "UnityEngine.CoreModule\UnityEngine.CoreModule.csproj", "{A2865A95-6777-4D17-A0E5-FFB6E189459A}"
EndProject
Project("{FAE04EC0-301F-11D3-BF4B-00C04F79EFBC}") = "UnityEngine.CrashReportingModule", "UnityEngine.CrashReportingModule\UnityEngine.CrashReportingModule.csproj", "{A2865A95-6777-4D17-A0E5-FFB6E189459B}"
EndProject
Project("{FAE04EC0-301F-11D3-BF4B-00C04F79EFBC}") = "UnityEngine.DirectorModule", "UnityEngine.DirectorModule\UnityEngine.DirectorModule.csproj", "{A2865A95-6777-4D17-A0E5-FFB6E189459C}"
EndProject
Project("{FAE04EC0-301F-11D3-BF4B-00C04F79EFBC}") = "UnityEngine.DSPGraphModule", "UnityEngine.DSPGraphModule\UnityEngine.DSPGraphModule.csproj", "{A2865A95-6777-4D17-A0E5-FFB6E189459E}"
EndProject
Project("{FAE04EC0-301F-11D3-BF4B-00C04F79EFBC}") = "UnityEngine.GameCenterModule", "UnityEngine.GameCenterModule\UnityEngine.GameCenterModule.csproj", "{A2865A95-6777-4D17-A0E5-FFB6E189459F}"
EndProject
Project("{FAE04EC0-301F-11D3-BF4B-00C04F79EFBC}") = "UnityEngine.GIModule", "UnityEngine.GIModule\UnityEngine.GIModule.csproj", "{A2865A95-6777-4D17-A0E5-FFB6E18945A0}"
EndProject
Project("{FAE04EC0-301F-11D3-BF4B-00C04F79EFBC}") = "UnityEngine.GridModule", "UnityEngine.GridModule\UnityEngine.GridModule.csproj", "{A2865A95-6777-4D17-A0E5-FFB6E18945A1}"
EndProject
Project("{FAE04EC0-301F-11D3-BF4B-00C04F79EFBC}") = "UnityEngine.HotReloadModule", "UnityEngine.HotReloadModule\UnityEngine.HotReloadModule.csproj", "{A2865A95-6777-4D17-A0E5-FFB6E18945A2}"
EndProject
Project("{FAE04EC0-301F-11D3-BF4B-00C04F79EFBC}") = "UnityEngine.ImageConversionModule", "UnityEngine.ImageConversionModule\UnityEngine.ImageConversionModule.csproj", "{A2865A95-6777-4D17-A0E5-FFB6E18945A3}"
EndProject
Project("{FAE04EC0-301F-11D3-BF4B-00C04F79EFBC}") = "UnityEngine.IMGUIModule", "UnityEngine.IMGUIModule\UnityEngine.IMGUIModule.csproj", "{A2865A95-6777-4D17-A0E5-FFB6E18945A4}"
EndProject
Project("{FAE04EC0-301F-11D3-BF4B-00C04F79EFBC}") = "UnityEngine.InputLegacyModule", "UnityEngine.InputLegacyModule\UnityEngine.InputLegacyModule.csproj", "{A2865A95-6777-4D17-A0E5-FFB6E18945A5}"
EndProject
Project("{FAE04EC0-301F-11D3-BF4B-00C04F79EFBC}") = "UnityEngine.InputModule", "UnityEngine.InputModule\UnityEngine.InputModule.csproj", "{A2865A95-6777-4D17-A0E5-FFB6E18945A6}"
EndProject
Project("{FAE04EC0-301F-11D3-BF4B-00C04F79EFBC}") = "UnityEngine.JSONSerializeModule", "UnityEngine.JSONSerializeModule\UnityEngine.JSONSerializeModule.csproj", "{A2865A95-6777-4D17-A0E5-FFB6E18945A7}"
EndProject
Project("{FAE04EC0-301F-11D3-BF4B-00C04F79EFBC}") = "UnityEngine.LocalizationModule", "UnityEngine.LocalizationModule\UnityEngine.LocalizationModule.csproj", "{A2865A95-6777-4D17-A0E5-FFB6E18945A8}"
EndProject
Project("{FAE04EC0-301F-11D3-BF4B-00C04F79EFBC}") = "UnityEngine.NVIDIAModule", "UnityEngine.NVIDIAModule\UnityEngine.NVIDIAModule.csproj", "{A2865A95-6777-4D17-A0E5-FFB6E18945A9}"
EndProject
Project("{FAE04EC0-301F-11D3-BF4B-00C04F79EFBC}") = "UnityEngine.ParticleSystemModule", "UnityEngine.ParticleSystemModule\UnityEngine.ParticleSystemModule.csproj", "{A2865A95-6777-4D17-A0E5-FFB6E18945AA}"
EndProject
Project("{FAE04EC0-301F-11D3-BF4B-00C04F79EFBC}") = "UnityEngine.PerformanceReportingModule", "UnityEngine.PerformanceReportingModule\UnityEngine.PerformanceReportingModule.csproj", "{A2865A95-6777-4D17-A0E5-FFB6E18945AB}"
EndProject
Project("{FAE04EC0-301F-11D3-BF4B-00C04F79EFBC}") = "UnityEngine.Physics2DModule", "UnityEngine.Physics2DModule\UnityEngine.Physics2DModule.csproj", "{A2865A95-6777-4D17-A0E5-FFB6E18945AC}"
EndProject
Project("{FAE04EC0-301F-11D3-BF4B-00C04F79EFBC}") = "UnityEngine.PhysicsModule", "UnityEngine.PhysicsModule\UnityEngine.PhysicsModule.csproj", "{A2865A95-6777-4D17-A0E5-FFB6E18945AD}"
EndProject
Project("{FAE04EC0-301F-11D3-BF4B-00C04F79EFBC}") = "UnityEngine.ProfilerModule", "UnityEngine.ProfilerModule\UnityEngine.ProfilerModule.csproj", "{A2865A95-6777-4D17-A0E5-FFB6E18945AE}"
EndProject
Project("{FAE04EC0-301F-11D3-BF4B-00C04F79EFBC}") = "UnityEngine.PropertiesModule", "UnityEngine.PropertiesModule\UnityEngine.PropertiesModule.csproj", "{A2865A95-6777-4D17-A0E5-FFB6E18945AF}"
EndProject
Project("{FAE04EC0-301F-11D3-BF4B-00C04F79EFBC}") = "UnityEngine.RuntimeInitializeOnLoadManagerInitializerModule", "UnityEngine.RuntimeInitializeOnLoadManagerInitializerModule\UnityEngine.RuntimeInitializeOnLoadManagerInitializerModule.csproj", "{A2865A95-6777-4D17-A0E5-FFB6E18945B0}"
EndProject
Project("{FAE04EC0-301F-11D3-BF4B-00C04F79EFBC}") = "UnityEngine.ScreenCaptureModule", "UnityEngine.ScreenCaptureModule\UnityEngine.ScreenCaptureModule.csproj", "{A2865A95-6777-4D17-A0E5-FFB6E18945B1}"
EndProject
Project("{FAE04EC0-301F-11D3-BF4B-00C04F79EFBC}") = "UnityEngine.SharedInternalsModule", "UnityEngine.SharedInternalsModule\UnityEngine.SharedInternalsModule.csproj", "{A2865A95-6777-4D17-A0E5-FFB6E18945B2}"
EndProject
Project("{FAE04EC0-301F-11D3-BF4B-00C04F79EFBC}") = "UnityEngine.SpriteMaskModule", "UnityEngine.SpriteMaskModule\UnityEngine.SpriteMaskModule.csproj", "{A2865A95-6777-4D17-A0E5-FFB6E18945B3}"
EndProject
Project("{FAE04EC0-301F-11D3-BF4B-00C04F79EFBC}") = "UnityEngine.SpriteShapeModule", "UnityEngine.SpriteShapeModule\UnityEngine.SpriteShapeModule.csproj", "{A2865A95-6777-4D17-A0E5-FFB6E18945B4}"
EndProject
Project("{FAE04EC0-301F-11D3-BF4B-00C04F79EFBC}") = "UnityEngine.StreamingModule", "UnityEngine.StreamingModule\UnityEngine.StreamingModule.csproj", "{A2865A95-6777-4D17-A0E5-FFB6E18945B5}"
EndProject
Project("{FAE04EC0-301F-11D3-BF4B-00C04F79EFBC}") = "UnityEngine.SubstanceModule", "UnityEngine.SubstanceModule\UnityEngine.SubstanceModule.csproj", "{A2865A95-6777-4D17-A0E5-FFB6E18945B6}"
EndProject
Project("{FAE04EC0-301F-11D3-BF4B-00C04F79EFBC}") = "UnityEngine.SubsystemsModule", "UnityEngine.SubsystemsModule\UnityEngine.SubsystemsModule.csproj", "{A2865A95-6777-4D17-A0E5-FFB6E18945B7}"
EndProject
Project("{FAE04EC0-301F-11D3-BF4B-00C04F79EFBC}") = "UnityEngine.TerrainModule", "UnityEngine.TerrainModule\UnityEngine.TerrainModule.csproj", "{A2865A95-6777-4D17-A0E5-FFB6E18945B8}"
EndProject
Project("{FAE04EC0-301F-11D3-BF4B-00C04F79EFBC}") = "UnityEngine.TerrainPhysicsModule", "UnityEngine.TerrainPhysicsModule\UnityEngine.TerrainPhysicsModule.csproj", "{A2865A95-6777-4D17-A0E5-FFB6E18945B9}"
EndProject
Project("{FAE04EC0-301F-11D3-BF4B-00C04F79EFBC}") = "UnityEngine.TextCoreFontEngineModule", "UnityEngine.TextCoreFontEngineModule\UnityEngine.TextCoreFontEngineModule.csproj", "{A2865A95-6777-4D17-A0E5-FFB6E18945BA}"
EndProject
Project("{FAE04EC0-301F-11D3-BF4B-00C04F79EFBC}") = "UnityEngine.TextCoreTextEngineModule", "UnityEngine.TextCoreTextEngineModule\UnityEngine.TextCoreTextEngineModule.csproj", "{A2865A95-6777-4D17-A0E5-FFB6E18945BB}"
EndProject
Project("{FAE04EC0-301F-11D3-BF4B-00C04F79EFBC}") = "UnityEngine.TextRenderingModule", "UnityEngine.TextRenderingModule\UnityEngine.TextRenderingModule.csproj", "{A2865A95-6777-4D17-A0E5-FFB6E18945BC}"
EndProject
Project("{FAE04EC0-301F-11D3-BF4B-00C04F79EFBC}") = "UnityEngine.TilemapModule", "UnityEngine.TilemapModule\UnityEngine.TilemapModule.csproj", "{A2865A95-6777-4D17-A0E5-FFB6E18945BD}"
EndProject
Project("{FAE04EC0-301F-11D3-BF4B-00C04F79EFBC}") = "UnityEngine.TLSModule", "UnityEngine.TLSModule\UnityEngine.TLSModule.csproj", "{A2865A95-6777-4D17-A0E5-FFB6E18945BE}"
EndProject
Project("{FAE04EC0-301F-11D3-BF4B-00C04F79EFBC}") = "UnityEngine.UIElementsModule", "UnityEngine.UIElementsModule\UnityEngine.UIElementsModule.csproj", "{A2865A95-6777-4D17-A0E5-FFB6E18945C0}"
EndProject
Project("{FAE04EC0-301F-11D3-BF4B-00C04F79EFBC}") = "UnityEngine.UIModule.2", "UnityEngine.UIModule.2\UnityEngine.UIModule.2.csproj", "{A2865A95-6777-4D17-A0E5-FFB6E18945C1}"
EndProject
Project("{FAE04EC0-301F-11D3-BF4B-00C04F79EFBC}") = "UnityEngine.UIModule", "UnityEngine.UIModule\UnityEngine.UIModule.csproj", "{A2865A95-6777-4D17-A0E5-FFB6E18945C2}"
EndProject
Project("{FAE04EC0-301F-11D3-BF4B-00C04F79EFBC}") = "UnityEngine.UI", "UnityEngine.UI\UnityEngine.UI.csproj", "{A2865A95-6777-4D17-A0E5-FFB6E18945BF}"
EndProject
Project("{FAE04EC0-301F-11D3-BF4B-00C04F79EFBC}") = "UnityEngine.UmbraModule", "UnityEngine.UmbraModule\UnityEngine.UmbraModule.csproj", "{A2865A95-6777-4D17-A0E5-FFB6E18945C3}"
EndProject
Project("{FAE04EC0-301F-11D3-BF4B-00C04F79EFBC}") = "UnityEngine.UnityAnalyticsCommonModule", "UnityEngine.UnityAnalyticsCommonModule\UnityEngine.UnityAnalyticsCommonModule.csproj", "{A2865A95-6777-4D17-A0E5-FFB6E18945C4}"
EndProject
Project("{FAE04EC0-301F-11D3-BF4B-00C04F79EFBC}") = "UnityEngine.UnityAnalyticsModule", "UnityEngine.UnityAnalyticsModule\UnityEngine.UnityAnalyticsModule.csproj", "{A2865A95-6777-4D17-A0E5-FFB6E18945C5}"
EndProject
Project("{FAE04EC0-301F-11D3-BF4B-00C04F79EFBC}") = "UnityEngine.UnityConnectModule", "UnityEngine.UnityConnectModule\UnityEngine.UnityConnectModule.csproj", "{A2865A95-6777-4D17-A0E5-FFB6E18945C6}"
EndProject
Project("{FAE04EC0-301F-11D3-BF4B-00C04F79EFBC}") = "UnityEngine.UnityCurlModule", "UnityEngine.UnityCurlModule\UnityEngine.UnityCurlModule.csproj", "{A2865A95-6777-4D17-A0E5-FFB6E18945C7}"
EndProject
Project("{FAE04EC0-301F-11D3-BF4B-00C04F79EFBC}") = "UnityEngine.UnityTestProtocolModule", "UnityEngine.UnityTestProtocolModule\UnityEngine.UnityTestProtocolModule.csproj", "{A2865A95-6777-4D17-A0E5-FFB6E18945C8}"
EndProject
Project("{FAE04EC0-301F-11D3-BF4B-00C04F79EFBC}") = "UnityEngine.UnityWebRequestAssetBundleModule", "UnityEngine.UnityWebRequestAssetBundleModule\UnityEngine.UnityWebRequestAssetBundleModule.csproj", "{A2865A95-6777-4D17-A0E5-FFB6E18945C9}"
EndProject
Project("{FAE04EC0-301F-11D3-BF4B-00C04F79EFBC}") = "UnityEngine.UnityWebRequestAudioModule", "UnityEngine.UnityWebRequestAudioModule\UnityEngine.UnityWebRequestAudioModule.csproj", "{A2865A95-6777-4D17-A0E5-FFB6E18945CA}"
EndProject
Project("{FAE04EC0-301F-11D3-BF4B-00C04F79EFBC}") = "UnityEngine.UnityWebRequestModule", "UnityEngine.UnityWebRequestModule\UnityEngine.UnityWebRequestModule.csproj", "{A2865A95-6777-4D17-A0E5-FFB6E18945CB}"
EndProject
Project("{FAE04EC0-301F-11D3-BF4B-00C04F79EFBC}") = "UnityEngine.UnityWebRequestTextureModule", "UnityEngine.UnityWebRequestTextureModule\UnityEngine.UnityWebRequestTextureModule.csproj", "{A2865A95-6777-4D17-A0E5-FFB6E18945CC}"
EndProject
Project("{FAE04EC0-301F-11D3-BF4B-00C04F79EFBC}") = "UnityEngine.UnityWebRequestWWWModule", "UnityEngine.UnityWebRequestWWWModule\UnityEngine.UnityWebRequestWWWModule.csproj", "{A2865A95-6777-4D17-A0E5-FFB6E18945CD}"
EndProject
Project("{FAE04EC0-301F-11D3-BF4B-00C04F79EFBC}") = "UnityEngine.VehiclesModule", "UnityEngine.VehiclesModule\UnityEngine.VehiclesModule.csproj", "{A2865A95-6777-4D17-A0E5-FFB6E18945CE}"
EndProject
Project("{FAE04EC0-301F-11D3-BF4B-00C04F79EFBC}") = "UnityEngine.VFXModule", "UnityEngine.VFXModule\UnityEngine.VFXModule.csproj", "{A2865A95-6777-4D17-A0E5-FFB6E18945CF}"
EndProject
Project("{FAE04EC0-301F-11D3-BF4B-00C04F79EFBC}") = "UnityEngine.VideoModule", "UnityEngine.VideoModule\UnityEngine.VideoModule.csproj", "{A2865A95-6777-4D17-A0E5-FFB6E18945D0}"
EndProject
Project("{FAE04EC0-301F-11D3-BF4B-00C04F79EFBC}") = "UnityEngine.VirtualTexturingModule", "UnityEngine.VirtualTexturingModule\UnityEngine.VirtualTexturingModule.csproj", "{A2865A95-6777-4D17-A0E5-FFB6E18945D1}"
EndProject
Project("{FAE04EC0-301F-11D3-BF4B-00C04F79EFBC}") = "UnityEngine.VRModule", "UnityEngine.VRModule\UnityEngine.VRModule.csproj", "{A2865A95-6777-4D17-A0E5-FFB6E18945D2}"
EndProject
Project("{FAE04EC0-301F-11D3-BF4B-00C04F79EFBC}") = "UnityEngine.WindModule", "UnityEngine.WindModule\UnityEngine.WindModule.csproj", "{A2865A95-6777-4D17-A0E5-FFB6E18945D3}"
EndProject
Project("{FAE04EC0-301F-11D3-BF4B-00C04F79EFBC}") = "UnityEngine.XRModule", "UnityEngine.XRModule\UnityEngine.XRModule.csproj", "{A2865A95-6777-4D17-A0E5-FFB6E18945D4}"
EndProject
Project("{FAE04EC0-301F-11D3-BF4B-00C04F79EFBC}") = "UnityEngine", "UnityEngine\UnityEngine.csproj", "{A2865A95-6777-4D17-A0E5-FFB6E189459D}"
EndProject
Project("{FAE04EC0-301F-11D3-BF4B-00C04F79EFBC}") = "websocket-sharp", "websocket-sharp\websocket-sharp.csproj", "{A2865A95-6777-4D17-A0E5-FFB6E18945D5}"
EndProject
Global
	GlobalSection(SolutionConfigurationPlatforms) = preSolution
		Debug|Any CPU = Debug|Any CPU
		Release|Any CPU = Release|Any CPU
	EndGlobalSection
	GlobalSection(ProjectConfigurationPlatforms) = postSolution
		{A2865A95-6777-4D17-A0E5-FFB6E1894536}.Debug|Any CPU.ActiveCfg = Debug|Any CPU
		{A2865A95-6777-4D17-A0E5-FFB6E1894536}.Debug|Any CPU.Build.0 = Debug|Any CPU
		{A2865A95-6777-4D17-A0E5-FFB6E1894536}.Release|Any CPU.ActiveCfg = Release|Any CPU
		{A2865A95-6777-4D17-A0E5-FFB6E1894536}.Release|Any CPU.Build.0 = Release|Any CPU
		{A2865A95-6777-4D17-A0E5-FFB6E1894537}.Debug|Any CPU.ActiveCfg = Debug|Any CPU
		{A2865A95-6777-4D17-A0E5-FFB6E1894537}.Debug|Any CPU.Build.0 = Debug|Any CPU
		{A2865A95-6777-4D17-A0E5-FFB6E1894537}.Release|Any CPU.ActiveCfg = Release|Any CPU
		{A2865A95-6777-4D17-A0E5-FFB6E1894537}.Release|Any CPU.Build.0 = Release|Any CPU
		{A2865A95-6777-4D17-A0E5-FFB6E1894538}.Debug|Any CPU.ActiveCfg = Debug|Any CPU
		{A2865A95-6777-4D17-A0E5-FFB6E1894538}.Debug|Any CPU.Build.0 = Debug|Any CPU
		{A2865A95-6777-4D17-A0E5-FFB6E1894538}.Release|Any CPU.ActiveCfg = Release|Any CPU
		{A2865A95-6777-4D17-A0E5-FFB6E1894538}.Release|Any CPU.Build.0 = Release|Any CPU
		{A2865A95-6777-4D17-A0E5-FFB6E1894539}.Debug|Any CPU.ActiveCfg = Debug|Any CPU
		{A2865A95-6777-4D17-A0E5-FFB6E1894539}.Debug|Any CPU.Build.0 = Debug|Any CPU
		{A2865A95-6777-4D17-A0E5-FFB6E1894539}.Release|Any CPU.ActiveCfg = Release|Any CPU
		{A2865A95-6777-4D17-A0E5-FFB6E1894539}.Release|Any CPU.Build.0 = Release|Any CPU
		{A2865A95-6777-4D17-A0E5-FFB6E189453A}.Debug|Any CPU.ActiveCfg = Debug|Any CPU
		{A2865A95-6777-4D17-A0E5-FFB6E189453A}.Debug|Any CPU.Build.0 = Debug|Any CPU
		{A2865A95-6777-4D17-A0E5-FFB6E189453A}.Release|Any CPU.ActiveCfg = Release|Any CPU
		{A2865A95-6777-4D17-A0E5-FFB6E189453A}.Release|Any CPU.Build.0 = Release|Any CPU
		{A2865A95-6777-4D17-A0E5-FFB6E189453B}.Debug|Any CPU.ActiveCfg = Debug|Any CPU
		{A2865A95-6777-4D17-A0E5-FFB6E189453B}.Debug|Any CPU.Build.0 = Debug|Any CPU
		{A2865A95-6777-4D17-A0E5-FFB6E189453B}.Release|Any CPU.ActiveCfg = Release|Any CPU
		{A2865A95-6777-4D17-A0E5-FFB6E189453B}.Release|Any CPU.Build.0 = Release|Any CPU
		{A2865A95-6777-4D17-A0E5-FFB6E189453C}.Debug|Any CPU.ActiveCfg = Debug|Any CPU
		{A2865A95-6777-4D17-A0E5-FFB6E189453C}.Debug|Any CPU.Build.0 = Debug|Any CPU
		{A2865A95-6777-4D17-A0E5-FFB6E189453C}.Release|Any CPU.ActiveCfg = Release|Any CPU
		{A2865A95-6777-4D17-A0E5-FFB6E189453C}.Release|Any CPU.Build.0 = Release|Any CPU
		{A2865A95-6777-4D17-A0E5-FFB6E189453D}.Debug|Any CPU.ActiveCfg = Debug|Any CPU
		{A2865A95-6777-4D17-A0E5-FFB6E189453D}.Debug|Any CPU.Build.0 = Debug|Any CPU
		{A2865A95-6777-4D17-A0E5-FFB6E189453D}.Release|Any CPU.ActiveCfg = Release|Any CPU
		{A2865A95-6777-4D17-A0E5-FFB6E189453D}.Release|Any CPU.Build.0 = Release|Any CPU
		{A2865A95-6777-4D17-A0E5-FFB6E189453E}.Debug|Any CPU.ActiveCfg = Debug|Any CPU
		{A2865A95-6777-4D17-A0E5-FFB6E189453E}.Debug|Any CPU.Build.0 = Debug|Any CPU
		{A2865A95-6777-4D17-A0E5-FFB6E189453E}.Release|Any CPU.ActiveCfg = Release|Any CPU
		{A2865A95-6777-4D17-A0E5-FFB6E189453E}.Release|Any CPU.Build.0 = Release|Any CPU
		{A2865A95-6777-4D17-A0E5-FFB6E189453F}.Debug|Any CPU.ActiveCfg = Debug|Any CPU
		{A2865A95-6777-4D17-A0E5-FFB6E189453F}.Debug|Any CPU.Build.0 = Debug|Any CPU
		{A2865A95-6777-4D17-A0E5-FFB6E189453F}.Release|Any CPU.ActiveCfg = Release|Any CPU
		{A2865A95-6777-4D17-A0E5-FFB6E189453F}.Release|Any CPU.Build.0 = Release|Any CPU
		{A2865A95-6777-4D17-A0E5-FFB6E1894540}.Debug|Any CPU.ActiveCfg = Debug|Any CPU
		{A2865A95-6777-4D17-A0E5-FFB6E1894540}.Debug|Any CPU.Build.0 = Debug|Any CPU
		{A2865A95-6777-4D17-A0E5-FFB6E1894540}.Release|Any CPU.ActiveCfg = Release|Any CPU
		{A2865A95-6777-4D17-A0E5-FFB6E1894540}.Release|Any CPU.Build.0 = Release|Any CPU
		{A2865A95-6777-4D17-A0E5-FFB6E1894541}.Debug|Any CPU.ActiveCfg = Debug|Any CPU
		{A2865A95-6777-4D17-A0E5-FFB6E1894541}.Debug|Any CPU.Build.0 = Debug|Any CPU
		{A2865A95-6777-4D17-A0E5-FFB6E1894541}.Release|Any CPU.ActiveCfg = Release|Any CPU
		{A2865A95-6777-4D17-A0E5-FFB6E1894541}.Release|Any CPU.Build.0 = Release|Any CPU
		{A2865A95-6777-4D17-A0E5-FFB6E1894542}.Debug|Any CPU.ActiveCfg = Debug|Any CPU
		{A2865A95-6777-4D17-A0E5-FFB6E1894542}.Debug|Any CPU.Build.0 = Debug|Any CPU
		{A2865A95-6777-4D17-A0E5-FFB6E1894542}.Release|Any CPU.ActiveCfg = Release|Any CPU
		{A2865A95-6777-4D17-A0E5-FFB6E1894542}.Release|Any CPU.Build.0 = Release|Any CPU
		{A2865A95-6777-4D17-A0E5-FFB6E1894543}.Debug|Any CPU.ActiveCfg = Debug|Any CPU
		{A2865A95-6777-4D17-A0E5-FFB6E1894543}.Debug|Any CPU.Build.0 = Debug|Any CPU
		{A2865A95-6777-4D17-A0E5-FFB6E1894543}.Release|Any CPU.ActiveCfg = Release|Any CPU
		{A2865A95-6777-4D17-A0E5-FFB6E1894543}.Release|Any CPU.Build.0 = Release|Any CPU
		{A2865A95-6777-4D17-A0E5-FFB6E1894544}.Debug|Any CPU.ActiveCfg = Debug|Any CPU
		{A2865A95-6777-4D17-A0E5-FFB6E1894544}.Debug|Any CPU.Build.0 = Debug|Any CPU
		{A2865A95-6777-4D17-A0E5-FFB6E1894544}.Release|Any CPU.ActiveCfg = Release|Any CPU
		{A2865A95-6777-4D17-A0E5-FFB6E1894544}.Release|Any CPU.Build.0 = Release|Any CPU
		{A2865A95-6777-4D17-A0E5-FFB6E1894545}.Debug|Any CPU.ActiveCfg = Debug|Any CPU
		{A2865A95-6777-4D17-A0E5-FFB6E1894545}.Debug|Any CPU.Build.0 = Debug|Any CPU
		{A2865A95-6777-4D17-A0E5-FFB6E1894545}.Release|Any CPU.ActiveCfg = Release|Any CPU
		{A2865A95-6777-4D17-A0E5-FFB6E1894545}.Release|Any CPU.Build.0 = Release|Any CPU
		{A2865A95-6777-4D17-A0E5-FFB6E1894546}.Debug|Any CPU.ActiveCfg = Debug|Any CPU
		{A2865A95-6777-4D17-A0E5-FFB6E1894546}.Debug|Any CPU.Build.0 = Debug|Any CPU
		{A2865A95-6777-4D17-A0E5-FFB6E1894546}.Release|Any CPU.ActiveCfg = Release|Any CPU
		{A2865A95-6777-4D17-A0E5-FFB6E1894546}.Release|Any CPU.Build.0 = Release|Any CPU
		{A2865A95-6777-4D17-A0E5-FFB6E1894547}.Debug|Any CPU.ActiveCfg = Debug|Any CPU
		{A2865A95-6777-4D17-A0E5-FFB6E1894547}.Debug|Any CPU.Build.0 = Debug|Any CPU
		{A2865A95-6777-4D17-A0E5-FFB6E1894547}.Release|Any CPU.ActiveCfg = Release|Any CPU
		{A2865A95-6777-4D17-A0E5-FFB6E1894547}.Release|Any CPU.Build.0 = Release|Any CPU
		{A2865A95-6777-4D17-A0E5-FFB6E1894549}.Debug|Any CPU.ActiveCfg = Debug|Any CPU
		{A2865A95-6777-4D17-A0E5-FFB6E1894549}.Debug|Any CPU.Build.0 = Debug|Any CPU
		{A2865A95-6777-4D17-A0E5-FFB6E1894549}.Release|Any CPU.ActiveCfg = Release|Any CPU
		{A2865A95-6777-4D17-A0E5-FFB6E1894549}.Release|Any CPU.Build.0 = Release|Any CPU
		{A2865A95-6777-4D17-A0E5-FFB6E189454A}.Debug|Any CPU.ActiveCfg = Debug|Any CPU
		{A2865A95-6777-4D17-A0E5-FFB6E189454A}.Debug|Any CPU.Build.0 = Debug|Any CPU
		{A2865A95-6777-4D17-A0E5-FFB6E189454A}.Release|Any CPU.ActiveCfg = Release|Any CPU
		{A2865A95-6777-4D17-A0E5-FFB6E189454A}.Release|Any CPU.Build.0 = Release|Any CPU
		{A2865A95-6777-4D17-A0E5-FFB6E189454C}.Debug|Any CPU.ActiveCfg = Debug|Any CPU
		{A2865A95-6777-4D17-A0E5-FFB6E189454C}.Debug|Any CPU.Build.0 = Debug|Any CPU
		{A2865A95-6777-4D17-A0E5-FFB6E189454C}.Release|Any CPU.ActiveCfg = Release|Any CPU
		{A2865A95-6777-4D17-A0E5-FFB6E189454C}.Release|Any CPU.Build.0 = Release|Any CPU
		{A2865A95-6777-4D17-A0E5-FFB6E189454B}.Debug|Any CPU.ActiveCfg = Debug|Any CPU
		{A2865A95-6777-4D17-A0E5-FFB6E189454B}.Debug|Any CPU.Build.0 = Debug|Any CPU
		{A2865A95-6777-4D17-A0E5-FFB6E189454B}.Release|Any CPU.ActiveCfg = Release|Any CPU
		{A2865A95-6777-4D17-A0E5-FFB6E189454B}.Release|Any CPU.Build.0 = Release|Any CPU
		{A2865A95-6777-4D17-A0E5-FFB6E189454D}.Debug|Any CPU.ActiveCfg = Debug|Any CPU
		{A2865A95-6777-4D17-A0E5-FFB6E189454D}.Debug|Any CPU.Build.0 = Debug|Any CPU
		{A2865A95-6777-4D17-A0E5-FFB6E189454D}.Release|Any CPU.ActiveCfg = Release|Any CPU
		{A2865A95-6777-4D17-A0E5-FFB6E189454D}.Release|Any CPU.Build.0 = Release|Any CPU
		{A2865A95-6777-4D17-A0E5-FFB6E189454E}.Debug|Any CPU.ActiveCfg = Debug|Any CPU
		{A2865A95-6777-4D17-A0E5-FFB6E189454E}.Debug|Any CPU.Build.0 = Debug|Any CPU
		{A2865A95-6777-4D17-A0E5-FFB6E189454E}.Release|Any CPU.ActiveCfg = Release|Any CPU
		{A2865A95-6777-4D17-A0E5-FFB6E189454E}.Release|Any CPU.Build.0 = Release|Any CPU
		{A2865A95-6777-4D17-A0E5-FFB6E1894550}.Debug|Any CPU.ActiveCfg = Debug|Any CPU
		{A2865A95-6777-4D17-A0E5-FFB6E1894550}.Debug|Any CPU.Build.0 = Debug|Any CPU
		{A2865A95-6777-4D17-A0E5-FFB6E1894550}.Release|Any CPU.ActiveCfg = Release|Any CPU
		{A2865A95-6777-4D17-A0E5-FFB6E1894550}.Release|Any CPU.Build.0 = Release|Any CPU
		{A2865A95-6777-4D17-A0E5-FFB6E189454F}.Debug|Any CPU.ActiveCfg = Debug|Any CPU
		{A2865A95-6777-4D17-A0E5-FFB6E189454F}.Debug|Any CPU.Build.0 = Debug|Any CPU
		{A2865A95-6777-4D17-A0E5-FFB6E189454F}.Release|Any CPU.ActiveCfg = Release|Any CPU
		{A2865A95-6777-4D17-A0E5-FFB6E189454F}.Release|Any CPU.Build.0 = Release|Any CPU
		{A2865A95-6777-4D17-A0E5-FFB6E1894551}.Debug|Any CPU.ActiveCfg = Debug|Any CPU
		{A2865A95-6777-4D17-A0E5-FFB6E1894551}.Debug|Any CPU.Build.0 = Debug|Any CPU
		{A2865A95-6777-4D17-A0E5-FFB6E1894551}.Release|Any CPU.ActiveCfg = Release|Any CPU
		{A2865A95-6777-4D17-A0E5-FFB6E1894551}.Release|Any CPU.Build.0 = Release|Any CPU
		{A2865A95-6777-4D17-A0E5-FFB6E1894552}.Debug|Any CPU.ActiveCfg = Debug|Any CPU
		{A2865A95-6777-4D17-A0E5-FFB6E1894552}.Debug|Any CPU.Build.0 = Debug|Any CPU
		{A2865A95-6777-4D17-A0E5-FFB6E1894552}.Release|Any CPU.ActiveCfg = Release|Any CPU
		{A2865A95-6777-4D17-A0E5-FFB6E1894552}.Release|Any CPU.Build.0 = Release|Any CPU
		{A2865A95-6777-4D17-A0E5-FFB6E1894553}.Debug|Any CPU.ActiveCfg = Debug|Any CPU
		{A2865A95-6777-4D17-A0E5-FFB6E1894553}.Debug|Any CPU.Build.0 = Debug|Any CPU
		{A2865A95-6777-4D17-A0E5-FFB6E1894553}.Release|Any CPU.ActiveCfg = Release|Any CPU
		{A2865A95-6777-4D17-A0E5-FFB6E1894553}.Release|Any CPU.Build.0 = Release|Any CPU
		{A2865A95-6777-4D17-A0E5-FFB6E1894555}.Debug|Any CPU.ActiveCfg = Debug|Any CPU
		{A2865A95-6777-4D17-A0E5-FFB6E1894555}.Debug|Any CPU.Build.0 = Debug|Any CPU
		{A2865A95-6777-4D17-A0E5-FFB6E1894555}.Release|Any CPU.ActiveCfg = Release|Any CPU
		{A2865A95-6777-4D17-A0E5-FFB6E1894555}.Release|Any CPU.Build.0 = Release|Any CPU
		{A2865A95-6777-4D17-A0E5-FFB6E1894554}.Debug|Any CPU.ActiveCfg = Debug|Any CPU
		{A2865A95-6777-4D17-A0E5-FFB6E1894554}.Debug|Any CPU.Build.0 = Debug|Any CPU
		{A2865A95-6777-4D17-A0E5-FFB6E1894554}.Release|Any CPU.ActiveCfg = Release|Any CPU
		{A2865A95-6777-4D17-A0E5-FFB6E1894554}.Release|Any CPU.Build.0 = Release|Any CPU
		{A2865A95-6777-4D17-A0E5-FFB6E1894548}.Debug|Any CPU.ActiveCfg = Debug|Any CPU
		{A2865A95-6777-4D17-A0E5-FFB6E1894548}.Debug|Any CPU.Build.0 = Debug|Any CPU
		{A2865A95-6777-4D17-A0E5-FFB6E1894548}.Release|Any CPU.ActiveCfg = Release|Any CPU
		{A2865A95-6777-4D17-A0E5-FFB6E1894548}.Release|Any CPU.Build.0 = Release|Any CPU
		{A2865A95-6777-4D17-A0E5-FFB6E1894556}.Debug|Any CPU.ActiveCfg = Debug|Any CPU
		{A2865A95-6777-4D17-A0E5-FFB6E1894556}.Debug|Any CPU.Build.0 = Debug|Any CPU
		{A2865A95-6777-4D17-A0E5-FFB6E1894556}.Release|Any CPU.ActiveCfg = Release|Any CPU
		{A2865A95-6777-4D17-A0E5-FFB6E1894556}.Release|Any CPU.Build.0 = Release|Any CPU
		{A2865A95-6777-4D17-A0E5-FFB6E1894558}.Debug|Any CPU.ActiveCfg = Debug|Any CPU
		{A2865A95-6777-4D17-A0E5-FFB6E1894558}.Debug|Any CPU.Build.0 = Debug|Any CPU
		{A2865A95-6777-4D17-A0E5-FFB6E1894558}.Release|Any CPU.ActiveCfg = Release|Any CPU
		{A2865A95-6777-4D17-A0E5-FFB6E1894558}.Release|Any CPU.Build.0 = Release|Any CPU
		{A2865A95-6777-4D17-A0E5-FFB6E1894557}.Debug|Any CPU.ActiveCfg = Debug|Any CPU
		{A2865A95-6777-4D17-A0E5-FFB6E1894557}.Debug|Any CPU.Build.0 = Debug|Any CPU
		{A2865A95-6777-4D17-A0E5-FFB6E1894557}.Release|Any CPU.ActiveCfg = Release|Any CPU
		{A2865A95-6777-4D17-A0E5-FFB6E1894557}.Release|Any CPU.Build.0 = Release|Any CPU
		{A2865A95-6777-4D17-A0E5-FFB6E189455A}.Debug|Any CPU.ActiveCfg = Debug|Any CPU
		{A2865A95-6777-4D17-A0E5-FFB6E189455A}.Debug|Any CPU.Build.0 = Debug|Any CPU
		{A2865A95-6777-4D17-A0E5-FFB6E189455A}.Release|Any CPU.ActiveCfg = Release|Any CPU
		{A2865A95-6777-4D17-A0E5-FFB6E189455A}.Release|Any CPU.Build.0 = Release|Any CPU
		{A2865A95-6777-4D17-A0E5-FFB6E1894559}.Debug|Any CPU.ActiveCfg = Debug|Any CPU
		{A2865A95-6777-4D17-A0E5-FFB6E1894559}.Debug|Any CPU.Build.0 = Debug|Any CPU
		{A2865A95-6777-4D17-A0E5-FFB6E1894559}.Release|Any CPU.ActiveCfg = Release|Any CPU
		{A2865A95-6777-4D17-A0E5-FFB6E1894559}.Release|Any CPU.Build.0 = Release|Any CPU
		{A2865A95-6777-4D17-A0E5-FFB6E189455B}.Debug|Any CPU.ActiveCfg = Debug|Any CPU
		{A2865A95-6777-4D17-A0E5-FFB6E189455B}.Debug|Any CPU.Build.0 = Debug|Any CPU
		{A2865A95-6777-4D17-A0E5-FFB6E189455B}.Release|Any CPU.ActiveCfg = Release|Any CPU
		{A2865A95-6777-4D17-A0E5-FFB6E189455B}.Release|Any CPU.Build.0 = Release|Any CPU
		{A2865A95-6777-4D17-A0E5-FFB6E189455C}.Debug|Any CPU.ActiveCfg = Debug|Any CPU
		{A2865A95-6777-4D17-A0E5-FFB6E189455C}.Debug|Any CPU.Build.0 = Debug|Any CPU
		{A2865A95-6777-4D17-A0E5-FFB6E189455C}.Release|Any CPU.ActiveCfg = Release|Any CPU
		{A2865A95-6777-4D17-A0E5-FFB6E189455C}.Release|Any CPU.Build.0 = Release|Any CPU
		{A2865A95-6777-4D17-A0E5-FFB6E189455D}.Debug|Any CPU.ActiveCfg = Debug|Any CPU
		{A2865A95-6777-4D17-A0E5-FFB6E189455D}.Debug|Any CPU.Build.0 = Debug|Any CPU
		{A2865A95-6777-4D17-A0E5-FFB6E189455D}.Release|Any CPU.ActiveCfg = Release|Any CPU
		{A2865A95-6777-4D17-A0E5-FFB6E189455D}.Release|Any CPU.Build.0 = Release|Any CPU
		{A2865A95-6777-4D17-A0E5-FFB6E189455F}.Debug|Any CPU.ActiveCfg = Debug|Any CPU
		{A2865A95-6777-4D17-A0E5-FFB6E189455F}.Debug|Any CPU.Build.0 = Debug|Any CPU
		{A2865A95-6777-4D17-A0E5-FFB6E189455F}.Release|Any CPU.ActiveCfg = Release|Any CPU
		{A2865A95-6777-4D17-A0E5-FFB6E189455F}.Release|Any CPU.Build.0 = Release|Any CPU
		{A2865A95-6777-4D17-A0E5-FFB6E189455E}.Debug|Any CPU.ActiveCfg = Debug|Any CPU
		{A2865A95-6777-4D17-A0E5-FFB6E189455E}.Debug|Any CPU.Build.0 = Debug|Any CPU
		{A2865A95-6777-4D17-A0E5-FFB6E189455E}.Release|Any CPU.ActiveCfg = Release|Any CPU
		{A2865A95-6777-4D17-A0E5-FFB6E189455E}.Release|Any CPU.Build.0 = Release|Any CPU
		{A2865A95-6777-4D17-A0E5-FFB6E1894560}.Debug|Any CPU.ActiveCfg = Debug|Any CPU
		{A2865A95-6777-4D17-A0E5-FFB6E1894560}.Debug|Any CPU.Build.0 = Debug|Any CPU
		{A2865A95-6777-4D17-A0E5-FFB6E1894560}.Release|Any CPU.ActiveCfg = Release|Any CPU
		{A2865A95-6777-4D17-A0E5-FFB6E1894560}.Release|Any CPU.Build.0 = Release|Any CPU
		{A2865A95-6777-4D17-A0E5-FFB6E1894561}.Debug|Any CPU.ActiveCfg = Debug|Any CPU
		{A2865A95-6777-4D17-A0E5-FFB6E1894561}.Debug|Any CPU.Build.0 = Debug|Any CPU
		{A2865A95-6777-4D17-A0E5-FFB6E1894561}.Release|Any CPU.ActiveCfg = Release|Any CPU
		{A2865A95-6777-4D17-A0E5-FFB6E1894561}.Release|Any CPU.Build.0 = Release|Any CPU
		{A2865A95-6777-4D17-A0E5-FFB6E1894562}.Debug|Any CPU.ActiveCfg = Debug|Any CPU
		{A2865A95-6777-4D17-A0E5-FFB6E1894562}.Debug|Any CPU.Build.0 = Debug|Any CPU
		{A2865A95-6777-4D17-A0E5-FFB6E1894562}.Release|Any CPU.ActiveCfg = Release|Any CPU
		{A2865A95-6777-4D17-A0E5-FFB6E1894562}.Release|Any CPU.Build.0 = Release|Any CPU
		{A2865A95-6777-4D17-A0E5-FFB6E1894563}.Debug|Any CPU.ActiveCfg = Debug|Any CPU
		{A2865A95-6777-4D17-A0E5-FFB6E1894563}.Debug|Any CPU.Build.0 = Debug|Any CPU
		{A2865A95-6777-4D17-A0E5-FFB6E1894563}.Release|Any CPU.ActiveCfg = Release|Any CPU
		{A2865A95-6777-4D17-A0E5-FFB6E1894563}.Release|Any CPU.Build.0 = Release|Any CPU
		{A2865A95-6777-4D17-A0E5-FFB6E1894564}.Debug|Any CPU.ActiveCfg = Debug|Any CPU
		{A2865A95-6777-4D17-A0E5-FFB6E1894564}.Debug|Any CPU.Build.0 = Debug|Any CPU
		{A2865A95-6777-4D17-A0E5-FFB6E1894564}.Release|Any CPU.ActiveCfg = Release|Any CPU
		{A2865A95-6777-4D17-A0E5-FFB6E1894564}.Release|Any CPU.Build.0 = Release|Any CPU
		{A2865A95-6777-4D17-A0E5-FFB6E1894566}.Debug|Any CPU.ActiveCfg = Debug|Any CPU
		{A2865A95-6777-4D17-A0E5-FFB6E1894566}.Debug|Any CPU.Build.0 = Debug|Any CPU
		{A2865A95-6777-4D17-A0E5-FFB6E1894566}.Release|Any CPU.ActiveCfg = Release|Any CPU
		{A2865A95-6777-4D17-A0E5-FFB6E1894566}.Release|Any CPU.Build.0 = Release|Any CPU
		{A2865A95-6777-4D17-A0E5-FFB6E1894567}.Debug|Any CPU.ActiveCfg = Debug|Any CPU
		{A2865A95-6777-4D17-A0E5-FFB6E1894567}.Debug|Any CPU.Build.0 = Debug|Any CPU
		{A2865A95-6777-4D17-A0E5-FFB6E1894567}.Release|Any CPU.ActiveCfg = Release|Any CPU
		{A2865A95-6777-4D17-A0E5-FFB6E1894567}.Release|Any CPU.Build.0 = Release|Any CPU
		{A2865A95-6777-4D17-A0E5-FFB6E1894568}.Debug|Any CPU.ActiveCfg = Debug|Any CPU
		{A2865A95-6777-4D17-A0E5-FFB6E1894568}.Debug|Any CPU.Build.0 = Debug|Any CPU
		{A2865A95-6777-4D17-A0E5-FFB6E1894568}.Release|Any CPU.ActiveCfg = Release|Any CPU
		{A2865A95-6777-4D17-A0E5-FFB6E1894568}.Release|Any CPU.Build.0 = Release|Any CPU
		{A2865A95-6777-4D17-A0E5-FFB6E1894569}.Debug|Any CPU.ActiveCfg = Debug|Any CPU
		{A2865A95-6777-4D17-A0E5-FFB6E1894569}.Debug|Any CPU.Build.0 = Debug|Any CPU
		{A2865A95-6777-4D17-A0E5-FFB6E1894569}.Release|Any CPU.ActiveCfg = Release|Any CPU
		{A2865A95-6777-4D17-A0E5-FFB6E1894569}.Release|Any CPU.Build.0 = Release|Any CPU
		{A2865A95-6777-4D17-A0E5-FFB6E1894565}.Debug|Any CPU.ActiveCfg = Debug|Any CPU
		{A2865A95-6777-4D17-A0E5-FFB6E1894565}.Debug|Any CPU.Build.0 = Debug|Any CPU
		{A2865A95-6777-4D17-A0E5-FFB6E1894565}.Release|Any CPU.ActiveCfg = Release|Any CPU
		{A2865A95-6777-4D17-A0E5-FFB6E1894565}.Release|Any CPU.Build.0 = Release|Any CPU
		{A2865A95-6777-4D17-A0E5-FFB6E189456A}.Debug|Any CPU.ActiveCfg = Debug|Any CPU
		{A2865A95-6777-4D17-A0E5-FFB6E189456A}.Debug|Any CPU.Build.0 = Debug|Any CPU
		{A2865A95-6777-4D17-A0E5-FFB6E189456A}.Release|Any CPU.ActiveCfg = Release|Any CPU
		{A2865A95-6777-4D17-A0E5-FFB6E189456A}.Release|Any CPU.Build.0 = Release|Any CPU
		{A2865A95-6777-4D17-A0E5-FFB6E189456B}.Debug|Any CPU.ActiveCfg = Debug|Any CPU
		{A2865A95-6777-4D17-A0E5-FFB6E189456B}.Debug|Any CPU.Build.0 = Debug|Any CPU
		{A2865A95-6777-4D17-A0E5-FFB6E189456B}.Release|Any CPU.ActiveCfg = Release|Any CPU
		{A2865A95-6777-4D17-A0E5-FFB6E189456B}.Release|Any CPU.Build.0 = Release|Any CPU
		{A2865A95-6777-4D17-A0E5-FFB6E189456C}.Debug|Any CPU.ActiveCfg = Debug|Any CPU
		{A2865A95-6777-4D17-A0E5-FFB6E189456C}.Debug|Any CPU.Build.0 = Debug|Any CPU
		{A2865A95-6777-4D17-A0E5-FFB6E189456C}.Release|Any CPU.ActiveCfg = Release|Any CPU
		{A2865A95-6777-4D17-A0E5-FFB6E189456C}.Release|Any CPU.Build.0 = Release|Any CPU
		{A2865A95-6777-4D17-A0E5-FFB6E189456D}.Debug|Any CPU.ActiveCfg = Debug|Any CPU
		{A2865A95-6777-4D17-A0E5-FFB6E189456D}.Debug|Any CPU.Build.0 = Debug|Any CPU
		{A2865A95-6777-4D17-A0E5-FFB6E189456D}.Release|Any CPU.ActiveCfg = Release|Any CPU
		{A2865A95-6777-4D17-A0E5-FFB6E189456D}.Release|Any CPU.Build.0 = Release|Any CPU
		{A2865A95-6777-4D17-A0E5-FFB6E189456E}.Debug|Any CPU.ActiveCfg = Debug|Any CPU
		{A2865A95-6777-4D17-A0E5-FFB6E189456E}.Debug|Any CPU.Build.0 = Debug|Any CPU
		{A2865A95-6777-4D17-A0E5-FFB6E189456E}.Release|Any CPU.ActiveCfg = Release|Any CPU
		{A2865A95-6777-4D17-A0E5-FFB6E189456E}.Release|Any CPU.Build.0 = Release|Any CPU
		{A2865A95-6777-4D17-A0E5-FFB6E189456F}.Debug|Any CPU.ActiveCfg = Debug|Any CPU
		{A2865A95-6777-4D17-A0E5-FFB6E189456F}.Debug|Any CPU.Build.0 = Debug|Any CPU
		{A2865A95-6777-4D17-A0E5-FFB6E189456F}.Release|Any CPU.ActiveCfg = Release|Any CPU
		{A2865A95-6777-4D17-A0E5-FFB6E189456F}.Release|Any CPU.Build.0 = Release|Any CPU
		{A2865A95-6777-4D17-A0E5-FFB6E1894570}.Debug|Any CPU.ActiveCfg = Debug|Any CPU
		{A2865A95-6777-4D17-A0E5-FFB6E1894570}.Debug|Any CPU.Build.0 = Debug|Any CPU
		{A2865A95-6777-4D17-A0E5-FFB6E1894570}.Release|Any CPU.ActiveCfg = Release|Any CPU
		{A2865A95-6777-4D17-A0E5-FFB6E1894570}.Release|Any CPU.Build.0 = Release|Any CPU
		{A2865A95-6777-4D17-A0E5-FFB6E1894571}.Debug|Any CPU.ActiveCfg = Debug|Any CPU
		{A2865A95-6777-4D17-A0E5-FFB6E1894571}.Debug|Any CPU.Build.0 = Debug|Any CPU
		{A2865A95-6777-4D17-A0E5-FFB6E1894571}.Release|Any CPU.ActiveCfg = Release|Any CPU
		{A2865A95-6777-4D17-A0E5-FFB6E1894571}.Release|Any CPU.Build.0 = Release|Any CPU
		{A2865A95-6777-4D17-A0E5-FFB6E1894572}.Debug|Any CPU.ActiveCfg = Debug|Any CPU
		{A2865A95-6777-4D17-A0E5-FFB6E1894572}.Debug|Any CPU.Build.0 = Debug|Any CPU
		{A2865A95-6777-4D17-A0E5-FFB6E1894572}.Release|Any CPU.ActiveCfg = Release|Any CPU
		{A2865A95-6777-4D17-A0E5-FFB6E1894572}.Release|Any CPU.Build.0 = Release|Any CPU
		{A2865A95-6777-4D17-A0E5-FFB6E1894573}.Debug|Any CPU.ActiveCfg = Debug|Any CPU
		{A2865A95-6777-4D17-A0E5-FFB6E1894573}.Debug|Any CPU.Build.0 = Debug|Any CPU
		{A2865A95-6777-4D17-A0E5-FFB6E1894573}.Release|Any CPU.ActiveCfg = Release|Any CPU
		{A2865A95-6777-4D17-A0E5-FFB6E1894573}.Release|Any CPU.Build.0 = Release|Any CPU
		{A2865A95-6777-4D17-A0E5-FFB6E1894574}.Debug|Any CPU.ActiveCfg = Debug|Any CPU
		{A2865A95-6777-4D17-A0E5-FFB6E1894574}.Debug|Any CPU.Build.0 = Debug|Any CPU
		{A2865A95-6777-4D17-A0E5-FFB6E1894574}.Release|Any CPU.ActiveCfg = Release|Any CPU
		{A2865A95-6777-4D17-A0E5-FFB6E1894574}.Release|Any CPU.Build.0 = Release|Any CPU
		{A2865A95-6777-4D17-A0E5-FFB6E1894576}.Debug|Any CPU.ActiveCfg = Debug|Any CPU
		{A2865A95-6777-4D17-A0E5-FFB6E1894576}.Debug|Any CPU.Build.0 = Debug|Any CPU
		{A2865A95-6777-4D17-A0E5-FFB6E1894576}.Release|Any CPU.ActiveCfg = Release|Any CPU
		{A2865A95-6777-4D17-A0E5-FFB6E1894576}.Release|Any CPU.Build.0 = Release|Any CPU
		{A2865A95-6777-4D17-A0E5-FFB6E1894575}.Debug|Any CPU.ActiveCfg = Debug|Any CPU
		{A2865A95-6777-4D17-A0E5-FFB6E1894575}.Debug|Any CPU.Build.0 = Debug|Any CPU
		{A2865A95-6777-4D17-A0E5-FFB6E1894575}.Release|Any CPU.ActiveCfg = Release|Any CPU
		{A2865A95-6777-4D17-A0E5-FFB6E1894575}.Release|Any CPU.Build.0 = Release|Any CPU
		{A2865A95-6777-4D17-A0E5-FFB6E1894577}.Debug|Any CPU.ActiveCfg = Debug|Any CPU
		{A2865A95-6777-4D17-A0E5-FFB6E1894577}.Debug|Any CPU.Build.0 = Debug|Any CPU
		{A2865A95-6777-4D17-A0E5-FFB6E1894577}.Release|Any CPU.ActiveCfg = Release|Any CPU
		{A2865A95-6777-4D17-A0E5-FFB6E1894577}.Release|Any CPU.Build.0 = Release|Any CPU
		{A2865A95-6777-4D17-A0E5-FFB6E1894578}.Debug|Any CPU.ActiveCfg = Debug|Any CPU
		{A2865A95-6777-4D17-A0E5-FFB6E1894578}.Debug|Any CPU.Build.0 = Debug|Any CPU
		{A2865A95-6777-4D17-A0E5-FFB6E1894578}.Release|Any CPU.ActiveCfg = Release|Any CPU
		{A2865A95-6777-4D17-A0E5-FFB6E1894578}.Release|Any CPU.Build.0 = Release|Any CPU
		{A2865A95-6777-4D17-A0E5-FFB6E1894579}.Debug|Any CPU.ActiveCfg = Debug|Any CPU
		{A2865A95-6777-4D17-A0E5-FFB6E1894579}.Debug|Any CPU.Build.0 = Debug|Any CPU
		{A2865A95-6777-4D17-A0E5-FFB6E1894579}.Release|Any CPU.ActiveCfg = Release|Any CPU
		{A2865A95-6777-4D17-A0E5-FFB6E1894579}.Release|Any CPU.Build.0 = Release|Any CPU
		{A2865A95-6777-4D17-A0E5-FFB6E189457A}.Debug|Any CPU.ActiveCfg = Debug|Any CPU
		{A2865A95-6777-4D17-A0E5-FFB6E189457A}.Debug|Any CPU.Build.0 = Debug|Any CPU
		{A2865A95-6777-4D17-A0E5-FFB6E189457A}.Release|Any CPU.ActiveCfg = Release|Any CPU
		{A2865A95-6777-4D17-A0E5-FFB6E189457A}.Release|Any CPU.Build.0 = Release|Any CPU
		{A2865A95-6777-4D17-A0E5-FFB6E189457D}.Debug|Any CPU.ActiveCfg = Debug|Any CPU
		{A2865A95-6777-4D17-A0E5-FFB6E189457D}.Debug|Any CPU.Build.0 = Debug|Any CPU
		{A2865A95-6777-4D17-A0E5-FFB6E189457D}.Release|Any CPU.ActiveCfg = Release|Any CPU
		{A2865A95-6777-4D17-A0E5-FFB6E189457D}.Release|Any CPU.Build.0 = Release|Any CPU
		{A2865A95-6777-4D17-A0E5-FFB6E189457C}.Debug|Any CPU.ActiveCfg = Debug|Any CPU
		{A2865A95-6777-4D17-A0E5-FFB6E189457C}.Debug|Any CPU.Build.0 = Debug|Any CPU
		{A2865A95-6777-4D17-A0E5-FFB6E189457C}.Release|Any CPU.ActiveCfg = Release|Any CPU
		{A2865A95-6777-4D17-A0E5-FFB6E189457C}.Release|Any CPU.Build.0 = Release|Any CPU
		{A2865A95-6777-4D17-A0E5-FFB6E189457E}.Debug|Any CPU.ActiveCfg = Debug|Any CPU
		{A2865A95-6777-4D17-A0E5-FFB6E189457E}.Debug|Any CPU.Build.0 = Debug|Any CPU
		{A2865A95-6777-4D17-A0E5-FFB6E189457E}.Release|Any CPU.ActiveCfg = Release|Any CPU
		{A2865A95-6777-4D17-A0E5-FFB6E189457E}.Release|Any CPU.Build.0 = Release|Any CPU
		{A2865A95-6777-4D17-A0E5-FFB6E189457F}.Debug|Any CPU.ActiveCfg = Debug|Any CPU
		{A2865A95-6777-4D17-A0E5-FFB6E189457F}.Debug|Any CPU.Build.0 = Debug|Any CPU
		{A2865A95-6777-4D17-A0E5-FFB6E189457F}.Release|Any CPU.ActiveCfg = Release|Any CPU
		{A2865A95-6777-4D17-A0E5-FFB6E189457F}.Release|Any CPU.Build.0 = Release|Any CPU
		{A2865A95-6777-4D17-A0E5-FFB6E1894580}.Debug|Any CPU.ActiveCfg = Debug|Any CPU
		{A2865A95-6777-4D17-A0E5-FFB6E1894580}.Debug|Any CPU.Build.0 = Debug|Any CPU
		{A2865A95-6777-4D17-A0E5-FFB6E1894580}.Release|Any CPU.ActiveCfg = Release|Any CPU
		{A2865A95-6777-4D17-A0E5-FFB6E1894580}.Release|Any CPU.Build.0 = Release|Any CPU
		{A2865A95-6777-4D17-A0E5-FFB6E1894581}.Debug|Any CPU.ActiveCfg = Debug|Any CPU
		{A2865A95-6777-4D17-A0E5-FFB6E1894581}.Debug|Any CPU.Build.0 = Debug|Any CPU
		{A2865A95-6777-4D17-A0E5-FFB6E1894581}.Release|Any CPU.ActiveCfg = Release|Any CPU
		{A2865A95-6777-4D17-A0E5-FFB6E1894581}.Release|Any CPU.Build.0 = Release|Any CPU
		{A2865A95-6777-4D17-A0E5-FFB6E1894582}.Debug|Any CPU.ActiveCfg = Debug|Any CPU
		{A2865A95-6777-4D17-A0E5-FFB6E1894582}.Debug|Any CPU.Build.0 = Debug|Any CPU
		{A2865A95-6777-4D17-A0E5-FFB6E1894582}.Release|Any CPU.ActiveCfg = Release|Any CPU
		{A2865A95-6777-4D17-A0E5-FFB6E1894582}.Release|Any CPU.Build.0 = Release|Any CPU
		{A2865A95-6777-4D17-A0E5-FFB6E1894583}.Debug|Any CPU.ActiveCfg = Debug|Any CPU
		{A2865A95-6777-4D17-A0E5-FFB6E1894583}.Debug|Any CPU.Build.0 = Debug|Any CPU
		{A2865A95-6777-4D17-A0E5-FFB6E1894583}.Release|Any CPU.ActiveCfg = Release|Any CPU
		{A2865A95-6777-4D17-A0E5-FFB6E1894583}.Release|Any CPU.Build.0 = Release|Any CPU
		{A2865A95-6777-4D17-A0E5-FFB6E189457B}.Debug|Any CPU.ActiveCfg = Debug|Any CPU
		{A2865A95-6777-4D17-A0E5-FFB6E189457B}.Debug|Any CPU.Build.0 = Debug|Any CPU
		{A2865A95-6777-4D17-A0E5-FFB6E189457B}.Release|Any CPU.ActiveCfg = Release|Any CPU
		{A2865A95-6777-4D17-A0E5-FFB6E189457B}.Release|Any CPU.Build.0 = Release|Any CPU
		{A2865A95-6777-4D17-A0E5-FFB6E1894584}.Debug|Any CPU.ActiveCfg = Debug|Any CPU
		{A2865A95-6777-4D17-A0E5-FFB6E1894584}.Debug|Any CPU.Build.0 = Debug|Any CPU
		{A2865A95-6777-4D17-A0E5-FFB6E1894584}.Release|Any CPU.ActiveCfg = Release|Any CPU
		{A2865A95-6777-4D17-A0E5-FFB6E1894584}.Release|Any CPU.Build.0 = Release|Any CPU
		{A2865A95-6777-4D17-A0E5-FFB6E1894585}.Debug|Any CPU.ActiveCfg = Debug|Any CPU
		{A2865A95-6777-4D17-A0E5-FFB6E1894585}.Debug|Any CPU.Build.0 = Debug|Any CPU
		{A2865A95-6777-4D17-A0E5-FFB6E1894585}.Release|Any CPU.ActiveCfg = Release|Any CPU
		{A2865A95-6777-4D17-A0E5-FFB6E1894585}.Release|Any CPU.Build.0 = Release|Any CPU
		{A2865A95-6777-4D17-A0E5-FFB6E1894586}.Debug|Any CPU.ActiveCfg = Debug|Any CPU
		{A2865A95-6777-4D17-A0E5-FFB6E1894586}.Debug|Any CPU.Build.0 = Debug|Any CPU
		{A2865A95-6777-4D17-A0E5-FFB6E1894586}.Release|Any CPU.ActiveCfg = Release|Any CPU
		{A2865A95-6777-4D17-A0E5-FFB6E1894586}.Release|Any CPU.Build.0 = Release|Any CPU
		{A2865A95-6777-4D17-A0E5-FFB6E1894587}.Debug|Any CPU.ActiveCfg = Debug|Any CPU
		{A2865A95-6777-4D17-A0E5-FFB6E1894587}.Debug|Any CPU.Build.0 = Debug|Any CPU
		{A2865A95-6777-4D17-A0E5-FFB6E1894587}.Release|Any CPU.ActiveCfg = Release|Any CPU
		{A2865A95-6777-4D17-A0E5-FFB6E1894587}.Release|Any CPU.Build.0 = Release|Any CPU
		{A2865A95-6777-4D17-A0E5-FFB6E1894588}.Debug|Any CPU.ActiveCfg = Debug|Any CPU
		{A2865A95-6777-4D17-A0E5-FFB6E1894588}.Debug|Any CPU.Build.0 = Debug|Any CPU
		{A2865A95-6777-4D17-A0E5-FFB6E1894588}.Release|Any CPU.ActiveCfg = Release|Any CPU
		{A2865A95-6777-4D17-A0E5-FFB6E1894588}.Release|Any CPU.Build.0 = Release|Any CPU
		{A2865A95-6777-4D17-A0E5-FFB6E1894589}.Debug|Any CPU.ActiveCfg = Debug|Any CPU
		{A2865A95-6777-4D17-A0E5-FFB6E1894589}.Debug|Any CPU.Build.0 = Debug|Any CPU
		{A2865A95-6777-4D17-A0E5-FFB6E1894589}.Release|Any CPU.ActiveCfg = Release|Any CPU
		{A2865A95-6777-4D17-A0E5-FFB6E1894589}.Release|Any CPU.Build.0 = Release|Any CPU
		{A2865A95-6777-4D17-A0E5-FFB6E189458A}.Debug|Any CPU.ActiveCfg = Debug|Any CPU
		{A2865A95-6777-4D17-A0E5-FFB6E189458A}.Debug|Any CPU.Build.0 = Debug|Any CPU
		{A2865A95-6777-4D17-A0E5-FFB6E189458A}.Release|Any CPU.ActiveCfg = Release|Any CPU
		{A2865A95-6777-4D17-A0E5-FFB6E189458A}.Release|Any CPU.Build.0 = Release|Any CPU
		{A2865A95-6777-4D17-A0E5-FFB6E189458B}.Debug|Any CPU.ActiveCfg = Debug|Any CPU
		{A2865A95-6777-4D17-A0E5-FFB6E189458B}.Debug|Any CPU.Build.0 = Debug|Any CPU
		{A2865A95-6777-4D17-A0E5-FFB6E189458B}.Release|Any CPU.ActiveCfg = Release|Any CPU
		{A2865A95-6777-4D17-A0E5-FFB6E189458B}.Release|Any CPU.Build.0 = Release|Any CPU
		{A2865A95-6777-4D17-A0E5-FFB6E189458C}.Debug|Any CPU.ActiveCfg = Debug|Any CPU
		{A2865A95-6777-4D17-A0E5-FFB6E189458C}.Debug|Any CPU.Build.0 = Debug|Any CPU
		{A2865A95-6777-4D17-A0E5-FFB6E189458C}.Release|Any CPU.ActiveCfg = Release|Any CPU
		{A2865A95-6777-4D17-A0E5-FFB6E189458C}.Release|Any CPU.Build.0 = Release|Any CPU
		{A2865A95-6777-4D17-A0E5-FFB6E189458D}.Debug|Any CPU.ActiveCfg = Debug|Any CPU
		{A2865A95-6777-4D17-A0E5-FFB6E189458D}.Debug|Any CPU.Build.0 = Debug|Any CPU
		{A2865A95-6777-4D17-A0E5-FFB6E189458D}.Release|Any CPU.ActiveCfg = Release|Any CPU
		{A2865A95-6777-4D17-A0E5-FFB6E189458D}.Release|Any CPU.Build.0 = Release|Any CPU
		{A2865A95-6777-4D17-A0E5-FFB6E189458E}.Debug|Any CPU.ActiveCfg = Debug|Any CPU
		{A2865A95-6777-4D17-A0E5-FFB6E189458E}.Debug|Any CPU.Build.0 = Debug|Any CPU
		{A2865A95-6777-4D17-A0E5-FFB6E189458E}.Release|Any CPU.ActiveCfg = Release|Any CPU
		{A2865A95-6777-4D17-A0E5-FFB6E189458E}.Release|Any CPU.Build.0 = Release|Any CPU
		{A2865A95-6777-4D17-A0E5-FFB6E189458F}.Debug|Any CPU.ActiveCfg = Debug|Any CPU
		{A2865A95-6777-4D17-A0E5-FFB6E189458F}.Debug|Any CPU.Build.0 = Debug|Any CPU
		{A2865A95-6777-4D17-A0E5-FFB6E189458F}.Release|Any CPU.ActiveCfg = Release|Any CPU
		{A2865A95-6777-4D17-A0E5-FFB6E189458F}.Release|Any CPU.Build.0 = Release|Any CPU
		{A2865A95-6777-4D17-A0E5-FFB6E1894590}.Debug|Any CPU.ActiveCfg = Debug|Any CPU
		{A2865A95-6777-4D17-A0E5-FFB6E1894590}.Debug|Any CPU.Build.0 = Debug|Any CPU
		{A2865A95-6777-4D17-A0E5-FFB6E1894590}.Release|Any CPU.ActiveCfg = Release|Any CPU
		{A2865A95-6777-4D17-A0E5-FFB6E1894590}.Release|Any CPU.Build.0 = Release|Any CPU
		{A2865A95-6777-4D17-A0E5-FFB6E1894591}.Debug|Any CPU.ActiveCfg = Debug|Any CPU
		{A2865A95-6777-4D17-A0E5-FFB6E1894591}.Debug|Any CPU.Build.0 = Debug|Any CPU
		{A2865A95-6777-4D17-A0E5-FFB6E1894591}.Release|Any CPU.ActiveCfg = Release|Any CPU
		{A2865A95-6777-4D17-A0E5-FFB6E1894591}.Release|Any CPU.Build.0 = Release|Any CPU
		{A2865A95-6777-4D17-A0E5-FFB6E1894592}.Debug|Any CPU.ActiveCfg = Debug|Any CPU
		{A2865A95-6777-4D17-A0E5-FFB6E1894592}.Debug|Any CPU.Build.0 = Debug|Any CPU
		{A2865A95-6777-4D17-A0E5-FFB6E1894592}.Release|Any CPU.ActiveCfg = Release|Any CPU
		{A2865A95-6777-4D17-A0E5-FFB6E1894592}.Release|Any CPU.Build.0 = Release|Any CPU
		{A2865A95-6777-4D17-A0E5-FFB6E1894593}.Debug|Any CPU.ActiveCfg = Debug|Any CPU
		{A2865A95-6777-4D17-A0E5-FFB6E1894593}.Debug|Any CPU.Build.0 = Debug|Any CPU
		{A2865A95-6777-4D17-A0E5-FFB6E1894593}.Release|Any CPU.ActiveCfg = Release|Any CPU
		{A2865A95-6777-4D17-A0E5-FFB6E1894593}.Release|Any CPU.Build.0 = Release|Any CPU
		{A2865A95-6777-4D17-A0E5-FFB6E1894594}.Debug|Any CPU.ActiveCfg = Debug|Any CPU
		{A2865A95-6777-4D17-A0E5-FFB6E1894594}.Debug|Any CPU.Build.0 = Debug|Any CPU
		{A2865A95-6777-4D17-A0E5-FFB6E1894594}.Release|Any CPU.ActiveCfg = Release|Any CPU
		{A2865A95-6777-4D17-A0E5-FFB6E1894594}.Release|Any CPU.Build.0 = Release|Any CPU
		{A2865A95-6777-4D17-A0E5-FFB6E1894595}.Debug|Any CPU.ActiveCfg = Debug|Any CPU
		{A2865A95-6777-4D17-A0E5-FFB6E1894595}.Debug|Any CPU.Build.0 = Debug|Any CPU
		{A2865A95-6777-4D17-A0E5-FFB6E1894595}.Release|Any CPU.ActiveCfg = Release|Any CPU
		{A2865A95-6777-4D17-A0E5-FFB6E1894595}.Release|Any CPU.Build.0 = Release|Any CPU
		{A2865A95-6777-4D17-A0E5-FFB6E1894596}.Debug|Any CPU.ActiveCfg = Debug|Any CPU
		{A2865A95-6777-4D17-A0E5-FFB6E1894596}.Debug|Any CPU.Build.0 = Debug|Any CPU
		{A2865A95-6777-4D17-A0E5-FFB6E1894596}.Release|Any CPU.ActiveCfg = Release|Any CPU
		{A2865A95-6777-4D17-A0E5-FFB6E1894596}.Release|Any CPU.Build.0 = Release|Any CPU
		{A2865A95-6777-4D17-A0E5-FFB6E1894597}.Debug|Any CPU.ActiveCfg = Debug|Any CPU
		{A2865A95-6777-4D17-A0E5-FFB6E1894597}.Debug|Any CPU.Build.0 = Debug|Any CPU
		{A2865A95-6777-4D17-A0E5-FFB6E1894597}.Release|Any CPU.ActiveCfg = Release|Any CPU
		{A2865A95-6777-4D17-A0E5-FFB6E1894597}.Release|Any CPU.Build.0 = Release|Any CPU
		{A2865A95-6777-4D17-A0E5-FFB6E1894598}.Debug|Any CPU.ActiveCfg = Debug|Any CPU
		{A2865A95-6777-4D17-A0E5-FFB6E1894598}.Debug|Any CPU.Build.0 = Debug|Any CPU
		{A2865A95-6777-4D17-A0E5-FFB6E1894598}.Release|Any CPU.ActiveCfg = Release|Any CPU
		{A2865A95-6777-4D17-A0E5-FFB6E1894598}.Release|Any CPU.Build.0 = Release|Any CPU
		{A2865A95-6777-4D17-A0E5-FFB6E1894599}.Debug|Any CPU.ActiveCfg = Debug|Any CPU
		{A2865A95-6777-4D17-A0E5-FFB6E1894599}.Debug|Any CPU.Build.0 = Debug|Any CPU
		{A2865A95-6777-4D17-A0E5-FFB6E1894599}.Release|Any CPU.ActiveCfg = Release|Any CPU
		{A2865A95-6777-4D17-A0E5-FFB6E1894599}.Release|Any CPU.Build.0 = Release|Any CPU
		{A2865A95-6777-4D17-A0E5-FFB6E189459A}.Debug|Any CPU.ActiveCfg = Debug|Any CPU
		{A2865A95-6777-4D17-A0E5-FFB6E189459A}.Debug|Any CPU.Build.0 = Debug|Any CPU
		{A2865A95-6777-4D17-A0E5-FFB6E189459A}.Release|Any CPU.ActiveCfg = Release|Any CPU
		{A2865A95-6777-4D17-A0E5-FFB6E189459A}.Release|Any CPU.Build.0 = Release|Any CPU
		{A2865A95-6777-4D17-A0E5-FFB6E189459B}.Debug|Any CPU.ActiveCfg = Debug|Any CPU
		{A2865A95-6777-4D17-A0E5-FFB6E189459B}.Debug|Any CPU.Build.0 = Debug|Any CPU
		{A2865A95-6777-4D17-A0E5-FFB6E189459B}.Release|Any CPU.ActiveCfg = Release|Any CPU
		{A2865A95-6777-4D17-A0E5-FFB6E189459B}.Release|Any CPU.Build.0 = Release|Any CPU
		{A2865A95-6777-4D17-A0E5-FFB6E189459C}.Debug|Any CPU.ActiveCfg = Debug|Any CPU
		{A2865A95-6777-4D17-A0E5-FFB6E189459C}.Debug|Any CPU.Build.0 = Debug|Any CPU
		{A2865A95-6777-4D17-A0E5-FFB6E189459C}.Release|Any CPU.ActiveCfg = Release|Any CPU
		{A2865A95-6777-4D17-A0E5-FFB6E189459C}.Release|Any CPU.Build.0 = Release|Any CPU
		{A2865A95-6777-4D17-A0E5-FFB6E189459E}.Debug|Any CPU.ActiveCfg = Debug|Any CPU
		{A2865A95-6777-4D17-A0E5-FFB6E189459E}.Debug|Any CPU.Build.0 = Debug|Any CPU
		{A2865A95-6777-4D17-A0E5-FFB6E189459E}.Release|Any CPU.ActiveCfg = Release|Any CPU
		{A2865A95-6777-4D17-A0E5-FFB6E189459E}.Release|Any CPU.Build.0 = Release|Any CPU
		{A2865A95-6777-4D17-A0E5-FFB6E189459F}.Debug|Any CPU.ActiveCfg = Debug|Any CPU
		{A2865A95-6777-4D17-A0E5-FFB6E189459F}.Debug|Any CPU.Build.0 = Debug|Any CPU
		{A2865A95-6777-4D17-A0E5-FFB6E189459F}.Release|Any CPU.ActiveCfg = Release|Any CPU
		{A2865A95-6777-4D17-A0E5-FFB6E189459F}.Release|Any CPU.Build.0 = Release|Any CPU
		{A2865A95-6777-4D17-A0E5-FFB6E18945A0}.Debug|Any CPU.ActiveCfg = Debug|Any CPU
		{A2865A95-6777-4D17-A0E5-FFB6E18945A0}.Debug|Any CPU.Build.0 = Debug|Any CPU
		{A2865A95-6777-4D17-A0E5-FFB6E18945A0}.Release|Any CPU.ActiveCfg = Release|Any CPU
		{A2865A95-6777-4D17-A0E5-FFB6E18945A0}.Release|Any CPU.Build.0 = Release|Any CPU
		{A2865A95-6777-4D17-A0E5-FFB6E18945A1}.Debug|Any CPU.ActiveCfg = Debug|Any CPU
		{A2865A95-6777-4D17-A0E5-FFB6E18945A1}.Debug|Any CPU.Build.0 = Debug|Any CPU
		{A2865A95-6777-4D17-A0E5-FFB6E18945A1}.Release|Any CPU.ActiveCfg = Release|Any CPU
		{A2865A95-6777-4D17-A0E5-FFB6E18945A1}.Release|Any CPU.Build.0 = Release|Any CPU
		{A2865A95-6777-4D17-A0E5-FFB6E18945A2}.Debug|Any CPU.ActiveCfg = Debug|Any CPU
		{A2865A95-6777-4D17-A0E5-FFB6E18945A2}.Debug|Any CPU.Build.0 = Debug|Any CPU
		{A2865A95-6777-4D17-A0E5-FFB6E18945A2}.Release|Any CPU.ActiveCfg = Release|Any CPU
		{A2865A95-6777-4D17-A0E5-FFB6E18945A2}.Release|Any CPU.Build.0 = Release|Any CPU
		{A2865A95-6777-4D17-A0E5-FFB6E18945A3}.Debug|Any CPU.ActiveCfg = Debug|Any CPU
		{A2865A95-6777-4D17-A0E5-FFB6E18945A3}.Debug|Any CPU.Build.0 = Debug|Any CPU
		{A2865A95-6777-4D17-A0E5-FFB6E18945A3}.Release|Any CPU.ActiveCfg = Release|Any CPU
		{A2865A95-6777-4D17-A0E5-FFB6E18945A3}.Release|Any CPU.Build.0 = Release|Any CPU
		{A2865A95-6777-4D17-A0E5-FFB6E18945A4}.Debug|Any CPU.ActiveCfg = Debug|Any CPU
		{A2865A95-6777-4D17-A0E5-FFB6E18945A4}.Debug|Any CPU.Build.0 = Debug|Any CPU
		{A2865A95-6777-4D17-A0E5-FFB6E18945A4}.Release|Any CPU.ActiveCfg = Release|Any CPU
		{A2865A95-6777-4D17-A0E5-FFB6E18945A4}.Release|Any CPU.Build.0 = Release|Any CPU
		{A2865A95-6777-4D17-A0E5-FFB6E18945A5}.Debug|Any CPU.ActiveCfg = Debug|Any CPU
		{A2865A95-6777-4D17-A0E5-FFB6E18945A5}.Debug|Any CPU.Build.0 = Debug|Any CPU
		{A2865A95-6777-4D17-A0E5-FFB6E18945A5}.Release|Any CPU.ActiveCfg = Release|Any CPU
		{A2865A95-6777-4D17-A0E5-FFB6E18945A5}.Release|Any CPU.Build.0 = Release|Any CPU
		{A2865A95-6777-4D17-A0E5-FFB6E18945A6}.Debug|Any CPU.ActiveCfg = Debug|Any CPU
		{A2865A95-6777-4D17-A0E5-FFB6E18945A6}.Debug|Any CPU.Build.0 = Debug|Any CPU
		{A2865A95-6777-4D17-A0E5-FFB6E18945A6}.Release|Any CPU.ActiveCfg = Release|Any CPU
		{A2865A95-6777-4D17-A0E5-FFB6E18945A6}.Release|Any CPU.Build.0 = Release|Any CPU
		{A2865A95-6777-4D17-A0E5-FFB6E18945A7}.Debug|Any CPU.ActiveCfg = Debug|Any CPU
		{A2865A95-6777-4D17-A0E5-FFB6E18945A7}.Debug|Any CPU.Build.0 = Debug|Any CPU
		{A2865A95-6777-4D17-A0E5-FFB6E18945A7}.Release|Any CPU.ActiveCfg = Release|Any CPU
		{A2865A95-6777-4D17-A0E5-FFB6E18945A7}.Release|Any CPU.Build.0 = Release|Any CPU
		{A2865A95-6777-4D17-A0E5-FFB6E18945A8}.Debug|Any CPU.ActiveCfg = Debug|Any CPU
		{A2865A95-6777-4D17-A0E5-FFB6E18945A8}.Debug|Any CPU.Build.0 = Debug|Any CPU
		{A2865A95-6777-4D17-A0E5-FFB6E18945A8}.Release|Any CPU.ActiveCfg = Release|Any CPU
		{A2865A95-6777-4D17-A0E5-FFB6E18945A8}.Release|Any CPU.Build.0 = Release|Any CPU
		{A2865A95-6777-4D17-A0E5-FFB6E18945A9}.Debug|Any CPU.ActiveCfg = Debug|Any CPU
		{A2865A95-6777-4D17-A0E5-FFB6E18945A9}.Debug|Any CPU.Build.0 = Debug|Any CPU
		{A2865A95-6777-4D17-A0E5-FFB6E18945A9}.Release|Any CPU.ActiveCfg = Release|Any CPU
		{A2865A95-6777-4D17-A0E5-FFB6E18945A9}.Release|Any CPU.Build.0 = Release|Any CPU
		{A2865A95-6777-4D17-A0E5-FFB6E18945AA}.Debug|Any CPU.ActiveCfg = Debug|Any CPU
		{A2865A95-6777-4D17-A0E5-FFB6E18945AA}.Debug|Any CPU.Build.0 = Debug|Any CPU
		{A2865A95-6777-4D17-A0E5-FFB6E18945AA}.Release|Any CPU.ActiveCfg = Release|Any CPU
		{A2865A95-6777-4D17-A0E5-FFB6E18945AA}.Release|Any CPU.Build.0 = Release|Any CPU
		{A2865A95-6777-4D17-A0E5-FFB6E18945AB}.Debug|Any CPU.ActiveCfg = Debug|Any CPU
		{A2865A95-6777-4D17-A0E5-FFB6E18945AB}.Debug|Any CPU.Build.0 = Debug|Any CPU
		{A2865A95-6777-4D17-A0E5-FFB6E18945AB}.Release|Any CPU.ActiveCfg = Release|Any CPU
		{A2865A95-6777-4D17-A0E5-FFB6E18945AB}.Release|Any CPU.Build.0 = Release|Any CPU
		{A2865A95-6777-4D17-A0E5-FFB6E18945AC}.Debug|Any CPU.ActiveCfg = Debug|Any CPU
		{A2865A95-6777-4D17-A0E5-FFB6E18945AC}.Debug|Any CPU.Build.0 = Debug|Any CPU
		{A2865A95-6777-4D17-A0E5-FFB6E18945AC}.Release|Any CPU.ActiveCfg = Release|Any CPU
		{A2865A95-6777-4D17-A0E5-FFB6E18945AC}.Release|Any CPU.Build.0 = Release|Any CPU
		{A2865A95-6777-4D17-A0E5-FFB6E18945AD}.Debug|Any CPU.ActiveCfg = Debug|Any CPU
		{A2865A95-6777-4D17-A0E5-FFB6E18945AD}.Debug|Any CPU.Build.0 = Debug|Any CPU
		{A2865A95-6777-4D17-A0E5-FFB6E18945AD}.Release|Any CPU.ActiveCfg = Release|Any CPU
		{A2865A95-6777-4D17-A0E5-FFB6E18945AD}.Release|Any CPU.Build.0 = Release|Any CPU
		{A2865A95-6777-4D17-A0E5-FFB6E18945AE}.Debug|Any CPU.ActiveCfg = Debug|Any CPU
		{A2865A95-6777-4D17-A0E5-FFB6E18945AE}.Debug|Any CPU.Build.0 = Debug|Any CPU
		{A2865A95-6777-4D17-A0E5-FFB6E18945AE}.Release|Any CPU.ActiveCfg = Release|Any CPU
		{A2865A95-6777-4D17-A0E5-FFB6E18945AE}.Release|Any CPU.Build.0 = Release|Any CPU
		{A2865A95-6777-4D17-A0E5-FFB6E18945AF}.Debug|Any CPU.ActiveCfg = Debug|Any CPU
		{A2865A95-6777-4D17-A0E5-FFB6E18945AF}.Debug|Any CPU.Build.0 = Debug|Any CPU
		{A2865A95-6777-4D17-A0E5-FFB6E18945AF}.Release|Any CPU.ActiveCfg = Release|Any CPU
		{A2865A95-6777-4D17-A0E5-FFB6E18945AF}.Release|Any CPU.Build.0 = Release|Any CPU
		{A2865A95-6777-4D17-A0E5-FFB6E18945B0}.Debug|Any CPU.ActiveCfg = Debug|Any CPU
		{A2865A95-6777-4D17-A0E5-FFB6E18945B0}.Debug|Any CPU.Build.0 = Debug|Any CPU
		{A2865A95-6777-4D17-A0E5-FFB6E18945B0}.Release|Any CPU.ActiveCfg = Release|Any CPU
		{A2865A95-6777-4D17-A0E5-FFB6E18945B0}.Release|Any CPU.Build.0 = Release|Any CPU
		{A2865A95-6777-4D17-A0E5-FFB6E18945B1}.Debug|Any CPU.ActiveCfg = Debug|Any CPU
		{A2865A95-6777-4D17-A0E5-FFB6E18945B1}.Debug|Any CPU.Build.0 = Debug|Any CPU
		{A2865A95-6777-4D17-A0E5-FFB6E18945B1}.Release|Any CPU.ActiveCfg = Release|Any CPU
		{A2865A95-6777-4D17-A0E5-FFB6E18945B1}.Release|Any CPU.Build.0 = Release|Any CPU
		{A2865A95-6777-4D17-A0E5-FFB6E18945B2}.Debug|Any CPU.ActiveCfg = Debug|Any CPU
		{A2865A95-6777-4D17-A0E5-FFB6E18945B2}.Debug|Any CPU.Build.0 = Debug|Any CPU
		{A2865A95-6777-4D17-A0E5-FFB6E18945B2}.Release|Any CPU.ActiveCfg = Release|Any CPU
		{A2865A95-6777-4D17-A0E5-FFB6E18945B2}.Release|Any CPU.Build.0 = Release|Any CPU
		{A2865A95-6777-4D17-A0E5-FFB6E18945B3}.Debug|Any CPU.ActiveCfg = Debug|Any CPU
		{A2865A95-6777-4D17-A0E5-FFB6E18945B3}.Debug|Any CPU.Build.0 = Debug|Any CPU
		{A2865A95-6777-4D17-A0E5-FFB6E18945B3}.Release|Any CPU.ActiveCfg = Release|Any CPU
		{A2865A95-6777-4D17-A0E5-FFB6E18945B3}.Release|Any CPU.Build.0 = Release|Any CPU
		{A2865A95-6777-4D17-A0E5-FFB6E18945B4}.Debug|Any CPU.ActiveCfg = Debug|Any CPU
		{A2865A95-6777-4D17-A0E5-FFB6E18945B4}.Debug|Any CPU.Build.0 = Debug|Any CPU
		{A2865A95-6777-4D17-A0E5-FFB6E18945B4}.Release|Any CPU.ActiveCfg = Release|Any CPU
		{A2865A95-6777-4D17-A0E5-FFB6E18945B4}.Release|Any CPU.Build.0 = Release|Any CPU
		{A2865A95-6777-4D17-A0E5-FFB6E18945B5}.Debug|Any CPU.ActiveCfg = Debug|Any CPU
		{A2865A95-6777-4D17-A0E5-FFB6E18945B5}.Debug|Any CPU.Build.0 = Debug|Any CPU
		{A2865A95-6777-4D17-A0E5-FFB6E18945B5}.Release|Any CPU.ActiveCfg = Release|Any CPU
		{A2865A95-6777-4D17-A0E5-FFB6E18945B5}.Release|Any CPU.Build.0 = Release|Any CPU
		{A2865A95-6777-4D17-A0E5-FFB6E18945B6}.Debug|Any CPU.ActiveCfg = Debug|Any CPU
		{A2865A95-6777-4D17-A0E5-FFB6E18945B6}.Debug|Any CPU.Build.0 = Debug|Any CPU
		{A2865A95-6777-4D17-A0E5-FFB6E18945B6}.Release|Any CPU.ActiveCfg = Release|Any CPU
		{A2865A95-6777-4D17-A0E5-FFB6E18945B6}.Release|Any CPU.Build.0 = Release|Any CPU
		{A2865A95-6777-4D17-A0E5-FFB6E18945B7}.Debug|Any CPU.ActiveCfg = Debug|Any CPU
		{A2865A95-6777-4D17-A0E5-FFB6E18945B7}.Debug|Any CPU.Build.0 = Debug|Any CPU
		{A2865A95-6777-4D17-A0E5-FFB6E18945B7}.Release|Any CPU.ActiveCfg = Release|Any CPU
		{A2865A95-6777-4D17-A0E5-FFB6E18945B7}.Release|Any CPU.Build.0 = Release|Any CPU
		{A2865A95-6777-4D17-A0E5-FFB6E18945B8}.Debug|Any CPU.ActiveCfg = Debug|Any CPU
		{A2865A95-6777-4D17-A0E5-FFB6E18945B8}.Debug|Any CPU.Build.0 = Debug|Any CPU
		{A2865A95-6777-4D17-A0E5-FFB6E18945B8}.Release|Any CPU.ActiveCfg = Release|Any CPU
		{A2865A95-6777-4D17-A0E5-FFB6E18945B8}.Release|Any CPU.Build.0 = Release|Any CPU
		{A2865A95-6777-4D17-A0E5-FFB6E18945B9}.Debug|Any CPU.ActiveCfg = Debug|Any CPU
		{A2865A95-6777-4D17-A0E5-FFB6E18945B9}.Debug|Any CPU.Build.0 = Debug|Any CPU
		{A2865A95-6777-4D17-A0E5-FFB6E18945B9}.Release|Any CPU.ActiveCfg = Release|Any CPU
		{A2865A95-6777-4D17-A0E5-FFB6E18945B9}.Release|Any CPU.Build.0 = Release|Any CPU
		{A2865A95-6777-4D17-A0E5-FFB6E18945BA}.Debug|Any CPU.ActiveCfg = Debug|Any CPU
		{A2865A95-6777-4D17-A0E5-FFB6E18945BA}.Debug|Any CPU.Build.0 = Debug|Any CPU
		{A2865A95-6777-4D17-A0E5-FFB6E18945BA}.Release|Any CPU.ActiveCfg = Release|Any CPU
		{A2865A95-6777-4D17-A0E5-FFB6E18945BA}.Release|Any CPU.Build.0 = Release|Any CPU
		{A2865A95-6777-4D17-A0E5-FFB6E18945BB}.Debug|Any CPU.ActiveCfg = Debug|Any CPU
		{A2865A95-6777-4D17-A0E5-FFB6E18945BB}.Debug|Any CPU.Build.0 = Debug|Any CPU
		{A2865A95-6777-4D17-A0E5-FFB6E18945BB}.Release|Any CPU.ActiveCfg = Release|Any CPU
		{A2865A95-6777-4D17-A0E5-FFB6E18945BB}.Release|Any CPU.Build.0 = Release|Any CPU
		{A2865A95-6777-4D17-A0E5-FFB6E18945BC}.Debug|Any CPU.ActiveCfg = Debug|Any CPU
		{A2865A95-6777-4D17-A0E5-FFB6E18945BC}.Debug|Any CPU.Build.0 = Debug|Any CPU
		{A2865A95-6777-4D17-A0E5-FFB6E18945BC}.Release|Any CPU.ActiveCfg = Release|Any CPU
		{A2865A95-6777-4D17-A0E5-FFB6E18945BC}.Release|Any CPU.Build.0 = Release|Any CPU
		{A2865A95-6777-4D17-A0E5-FFB6E18945BD}.Debug|Any CPU.ActiveCfg = Debug|Any CPU
		{A2865A95-6777-4D17-A0E5-FFB6E18945BD}.Debug|Any CPU.Build.0 = Debug|Any CPU
		{A2865A95-6777-4D17-A0E5-FFB6E18945BD}.Release|Any CPU.ActiveCfg = Release|Any CPU
		{A2865A95-6777-4D17-A0E5-FFB6E18945BD}.Release|Any CPU.Build.0 = Release|Any CPU
		{A2865A95-6777-4D17-A0E5-FFB6E18945BE}.Debug|Any CPU.ActiveCfg = Debug|Any CPU
		{A2865A95-6777-4D17-A0E5-FFB6E18945BE}.Debug|Any CPU.Build.0 = Debug|Any CPU
		{A2865A95-6777-4D17-A0E5-FFB6E18945BE}.Release|Any CPU.ActiveCfg = Release|Any CPU
		{A2865A95-6777-4D17-A0E5-FFB6E18945BE}.Release|Any CPU.Build.0 = Release|Any CPU
		{A2865A95-6777-4D17-A0E5-FFB6E18945C0}.Debug|Any CPU.ActiveCfg = Debug|Any CPU
		{A2865A95-6777-4D17-A0E5-FFB6E18945C0}.Debug|Any CPU.Build.0 = Debug|Any CPU
		{A2865A95-6777-4D17-A0E5-FFB6E18945C0}.Release|Any CPU.ActiveCfg = Release|Any CPU
		{A2865A95-6777-4D17-A0E5-FFB6E18945C0}.Release|Any CPU.Build.0 = Release|Any CPU
		{A2865A95-6777-4D17-A0E5-FFB6E18945C1}.Debug|Any CPU.ActiveCfg = Debug|Any CPU
		{A2865A95-6777-4D17-A0E5-FFB6E18945C1}.Debug|Any CPU.Build.0 = Debug|Any CPU
		{A2865A95-6777-4D17-A0E5-FFB6E18945C1}.Release|Any CPU.ActiveCfg = Release|Any CPU
		{A2865A95-6777-4D17-A0E5-FFB6E18945C1}.Release|Any CPU.Build.0 = Release|Any CPU
		{A2865A95-6777-4D17-A0E5-FFB6E18945C2}.Debug|Any CPU.ActiveCfg = Debug|Any CPU
		{A2865A95-6777-4D17-A0E5-FFB6E18945C2}.Debug|Any CPU.Build.0 = Debug|Any CPU
		{A2865A95-6777-4D17-A0E5-FFB6E18945C2}.Release|Any CPU.ActiveCfg = Release|Any CPU
		{A2865A95-6777-4D17-A0E5-FFB6E18945C2}.Release|Any CPU.Build.0 = Release|Any CPU
		{A2865A95-6777-4D17-A0E5-FFB6E18945BF}.Debug|Any CPU.ActiveCfg = Debug|Any CPU
		{A2865A95-6777-4D17-A0E5-FFB6E18945BF}.Debug|Any CPU.Build.0 = Debug|Any CPU
		{A2865A95-6777-4D17-A0E5-FFB6E18945BF}.Release|Any CPU.ActiveCfg = Release|Any CPU
		{A2865A95-6777-4D17-A0E5-FFB6E18945BF}.Release|Any CPU.Build.0 = Release|Any CPU
		{A2865A95-6777-4D17-A0E5-FFB6E18945C3}.Debug|Any CPU.ActiveCfg = Debug|Any CPU
		{A2865A95-6777-4D17-A0E5-FFB6E18945C3}.Debug|Any CPU.Build.0 = Debug|Any CPU
		{A2865A95-6777-4D17-A0E5-FFB6E18945C3}.Release|Any CPU.ActiveCfg = Release|Any CPU
		{A2865A95-6777-4D17-A0E5-FFB6E18945C3}.Release|Any CPU.Build.0 = Release|Any CPU
		{A2865A95-6777-4D17-A0E5-FFB6E18945C4}.Debug|Any CPU.ActiveCfg = Debug|Any CPU
		{A2865A95-6777-4D17-A0E5-FFB6E18945C4}.Debug|Any CPU.Build.0 = Debug|Any CPU
		{A2865A95-6777-4D17-A0E5-FFB6E18945C4}.Release|Any CPU.ActiveCfg = Release|Any CPU
		{A2865A95-6777-4D17-A0E5-FFB6E18945C4}.Release|Any CPU.Build.0 = Release|Any CPU
		{A2865A95-6777-4D17-A0E5-FFB6E18945C5}.Debug|Any CPU.ActiveCfg = Debug|Any CPU
		{A2865A95-6777-4D17-A0E5-FFB6E18945C5}.Debug|Any CPU.Build.0 = Debug|Any CPU
		{A2865A95-6777-4D17-A0E5-FFB6E18945C5}.Release|Any CPU.ActiveCfg = Release|Any CPU
		{A2865A95-6777-4D17-A0E5-FFB6E18945C5}.Release|Any CPU.Build.0 = Release|Any CPU
		{A2865A95-6777-4D17-A0E5-FFB6E18945C6}.Debug|Any CPU.ActiveCfg = Debug|Any CPU
		{A2865A95-6777-4D17-A0E5-FFB6E18945C6}.Debug|Any CPU.Build.0 = Debug|Any CPU
		{A2865A95-6777-4D17-A0E5-FFB6E18945C6}.Release|Any CPU.ActiveCfg = Release|Any CPU
		{A2865A95-6777-4D17-A0E5-FFB6E18945C6}.Release|Any CPU.Build.0 = Release|Any CPU
		{A2865A95-6777-4D17-A0E5-FFB6E18945C7}.Debug|Any CPU.ActiveCfg = Debug|Any CPU
		{A2865A95-6777-4D17-A0E5-FFB6E18945C7}.Debug|Any CPU.Build.0 = Debug|Any CPU
		{A2865A95-6777-4D17-A0E5-FFB6E18945C7}.Release|Any CPU.ActiveCfg = Release|Any CPU
		{A2865A95-6777-4D17-A0E5-FFB6E18945C7}.Release|Any CPU.Build.0 = Release|Any CPU
		{A2865A95-6777-4D17-A0E5-FFB6E18945C8}.Debug|Any CPU.ActiveCfg = Debug|Any CPU
		{A2865A95-6777-4D17-A0E5-FFB6E18945C8}.Debug|Any CPU.Build.0 = Debug|Any CPU
		{A2865A95-6777-4D17-A0E5-FFB6E18945C8}.Release|Any CPU.ActiveCfg = Release|Any CPU
		{A2865A95-6777-4D17-A0E5-FFB6E18945C8}.Release|Any CPU.Build.0 = Release|Any CPU
		{A2865A95-6777-4D17-A0E5-FFB6E18945C9}.Debug|Any CPU.ActiveCfg = Debug|Any CPU
		{A2865A95-6777-4D17-A0E5-FFB6E18945C9}.Debug|Any CPU.Build.0 = Debug|Any CPU
		{A2865A95-6777-4D17-A0E5-FFB6E18945C9}.Release|Any CPU.ActiveCfg = Release|Any CPU
		{A2865A95-6777-4D17-A0E5-FFB6E18945C9}.Release|Any CPU.Build.0 = Release|Any CPU
		{A2865A95-6777-4D17-A0E5-FFB6E18945CA}.Debug|Any CPU.ActiveCfg = Debug|Any CPU
		{A2865A95-6777-4D17-A0E5-FFB6E18945CA}.Debug|Any CPU.Build.0 = Debug|Any CPU
		{A2865A95-6777-4D17-A0E5-FFB6E18945CA}.Release|Any CPU.ActiveCfg = Release|Any CPU
		{A2865A95-6777-4D17-A0E5-FFB6E18945CA}.Release|Any CPU.Build.0 = Release|Any CPU
		{A2865A95-6777-4D17-A0E5-FFB6E18945CB}.Debug|Any CPU.ActiveCfg = Debug|Any CPU
		{A2865A95-6777-4D17-A0E5-FFB6E18945CB}.Debug|Any CPU.Build.0 = Debug|Any CPU
		{A2865A95-6777-4D17-A0E5-FFB6E18945CB}.Release|Any CPU.ActiveCfg = Release|Any CPU
		{A2865A95-6777-4D17-A0E5-FFB6E18945CB}.Release|Any CPU.Build.0 = Release|Any CPU
		{A2865A95-6777-4D17-A0E5-FFB6E18945CC}.Debug|Any CPU.ActiveCfg = Debug|Any CPU
		{A2865A95-6777-4D17-A0E5-FFB6E18945CC}.Debug|Any CPU.Build.0 = Debug|Any CPU
		{A2865A95-6777-4D17-A0E5-FFB6E18945CC}.Release|Any CPU.ActiveCfg = Release|Any CPU
		{A2865A95-6777-4D17-A0E5-FFB6E18945CC}.Release|Any CPU.Build.0 = Release|Any CPU
		{A2865A95-6777-4D17-A0E5-FFB6E18945CD}.Debug|Any CPU.ActiveCfg = Debug|Any CPU
		{A2865A95-6777-4D17-A0E5-FFB6E18945CD}.Debug|Any CPU.Build.0 = Debug|Any CPU
		{A2865A95-6777-4D17-A0E5-FFB6E18945CD}.Release|Any CPU.ActiveCfg = Release|Any CPU
		{A2865A95-6777-4D17-A0E5-FFB6E18945CD}.Release|Any CPU.Build.0 = Release|Any CPU
		{A2865A95-6777-4D17-A0E5-FFB6E18945CE}.Debug|Any CPU.ActiveCfg = Debug|Any CPU
		{A2865A95-6777-4D17-A0E5-FFB6E18945CE}.Debug|Any CPU.Build.0 = Debug|Any CPU
		{A2865A95-6777-4D17-A0E5-FFB6E18945CE}.Release|Any CPU.ActiveCfg = Release|Any CPU
		{A2865A95-6777-4D17-A0E5-FFB6E18945CE}.Release|Any CPU.Build.0 = Release|Any CPU
		{A2865A95-6777-4D17-A0E5-FFB6E18945CF}.Debug|Any CPU.ActiveCfg = Debug|Any CPU
		{A2865A95-6777-4D17-A0E5-FFB6E18945CF}.Debug|Any CPU.Build.0 = Debug|Any CPU
		{A2865A95-6777-4D17-A0E5-FFB6E18945CF}.Release|Any CPU.ActiveCfg = Release|Any CPU
		{A2865A95-6777-4D17-A0E5-FFB6E18945CF}.Release|Any CPU.Build.0 = Release|Any CPU
		{A2865A95-6777-4D17-A0E5-FFB6E18945D0}.Debug|Any CPU.ActiveCfg = Debug|Any CPU
		{A2865A95-6777-4D17-A0E5-FFB6E18945D0}.Debug|Any CPU.Build.0 = Debug|Any CPU
		{A2865A95-6777-4D17-A0E5-FFB6E18945D0}.Release|Any CPU.ActiveCfg = Release|Any CPU
		{A2865A95-6777-4D17-A0E5-FFB6E18945D0}.Release|Any CPU.Build.0 = Release|Any CPU
		{A2865A95-6777-4D17-A0E5-FFB6E18945D1}.Debug|Any CPU.ActiveCfg = Debug|Any CPU
		{A2865A95-6777-4D17-A0E5-FFB6E18945D1}.Debug|Any CPU.Build.0 = Debug|Any CPU
		{A2865A95-6777-4D17-A0E5-FFB6E18945D1}.Release|Any CPU.ActiveCfg = Release|Any CPU
		{A2865A95-6777-4D17-A0E5-FFB6E18945D1}.Release|Any CPU.Build.0 = Release|Any CPU
		{A2865A95-6777-4D17-A0E5-FFB6E18945D2}.Debug|Any CPU.ActiveCfg = Debug|Any CPU
		{A2865A95-6777-4D17-A0E5-FFB6E18945D2}.Debug|Any CPU.Build.0 = Debug|Any CPU
		{A2865A95-6777-4D17-A0E5-FFB6E18945D2}.Release|Any CPU.ActiveCfg = Release|Any CPU
		{A2865A95-6777-4D17-A0E5-FFB6E18945D2}.Release|Any CPU.Build.0 = Release|Any CPU
		{A2865A95-6777-4D17-A0E5-FFB6E18945D3}.Debug|Any CPU.ActiveCfg = Debug|Any CPU
		{A2865A95-6777-4D17-A0E5-FFB6E18945D3}.Debug|Any CPU.Build.0 = Debug|Any CPU
		{A2865A95-6777-4D17-A0E5-FFB6E18945D3}.Release|Any CPU.ActiveCfg = Release|Any CPU
		{A2865A95-6777-4D17-A0E5-FFB6E18945D3}.Release|Any CPU.Build.0 = Release|Any CPU
		{A2865A95-6777-4D17-A0E5-FFB6E18945D4}.Debug|Any CPU.ActiveCfg = Debug|Any CPU
		{A2865A95-6777-4D17-A0E5-FFB6E18945D4}.Debug|Any CPU.Build.0 = Debug|Any CPU
		{A2865A95-6777-4D17-A0E5-FFB6E18945D4}.Release|Any CPU.ActiveCfg = Release|Any CPU
		{A2865A95-6777-4D17-A0E5-FFB6E18945D4}.Release|Any CPU.Build.0 = Release|Any CPU
		{A2865A95-6777-4D17-A0E5-FFB6E189459D}.Debug|Any CPU.ActiveCfg = Debug|Any CPU
		{A2865A95-6777-4D17-A0E5-FFB6E189459D}.Debug|Any CPU.Build.0 = Debug|Any CPU
		{A2865A95-6777-4D17-A0E5-FFB6E189459D}.Release|Any CPU.ActiveCfg = Release|Any CPU
		{A2865A95-6777-4D17-A0E5-FFB6E189459D}.Release|Any CPU.Build.0 = Release|Any CPU
		{A2865A95-6777-4D17-A0E5-FFB6E18945D5}.Debug|Any CPU.ActiveCfg = Debug|Any CPU
		{A2865A95-6777-4D17-A0E5-FFB6E18945D5}.Debug|Any CPU.Build.0 = Debug|Any CPU
		{A2865A95-6777-4D17-A0E5-FFB6E18945D5}.Release|Any CPU.ActiveCfg = Release|Any CPU
		{A2865A95-6777-4D17-A0E5-FFB6E18945D5}.Release|Any CPU.Build.0 = Release|Any CPU
	EndGlobalSection
	GlobalSection(SolutionProperties) = preSolution
		HideSolutionNode = FALSE
	EndGlobalSection
EndGlobal
